PODS:
  - AFNetworking (1.3.1)
  - Facebook-iOS-SDK (3.5.3)
  - FlurrySDK (4.2.1)
  - KNSemiModalViewController (0.3)
  - MBProgressHUD (0.7)
  - TestFlightSDK (1.2.6)

DEPENDENCIES:
  - AFNetworking (~> 1.3)
  - Facebook-iOS-SDK
  - FlurrySDK
  - KNSemiModalViewController (~> 0.3)
  - MBProgressHUD
  - TestFlightSDK (= 1.2.6)

SPEC CHECKSUMS:
  AFNetworking: 9ec8aafb9269236a7630bd8d9838ce2ba30fa2a0
  Facebook-iOS-SDK: c11e851555d8cb8b55853ec2990b01d9e343d09e
  FlurrySDK: 9a38bbb195c9f636a40193190ef38fd07e6b76c5
  KNSemiModalViewController: 976b739f57aa595359a2cfdf6aadde991ada8f99
  MBProgressHUD: 1fd8591a2216d5dec6de24e09187bb03bcbe9946
  TestFlightSDK: 7d9abce62f5a17191c4df84fd88e05797e6776e0

COCOAPODS: 0.20.2
