// !$*UTF8*$!
{
	archiveVersion = 1;
	classes = {
	};
	objectVersion = 46;
	objects = {

/* Begin PBXBuildFile section */
		255A9AF4A1C64F71B97704C8 /* libPods.a in Frameworks */ = {isa = PBXBuildFile; fileRef = 918A85E0EEDE48F3BEFD223A /* libPods.a */; };
		D458D6E71768359E00098C18 /* ECMyConcertViewController.xib in Resources */ = {isa = PBXBuildFile; fileRef = D458D6E61768359E00098C18 /* ECMyConcertViewController.xib */; };
		D4AA4CF31766B374009B0635 /* UIKit.framework in Frameworks */ = {isa = PBXBuildFile; fileRef = D4AA4CF21766B374009B0635 /* UIKit.framework */; };
		D4AA4CF51766B374009B0635 /* Foundation.framework in Frameworks */ = {isa = PBXBuildFile; fileRef = D4AA4CF41766B374009B0635 /* Foundation.framework */; };
		D4AA4CF71766B374009B0635 /* CoreGraphics.framework in Frameworks */ = {isa = PBXBuildFile; fileRef = D4AA4CF61766B374009B0635 /* CoreGraphics.framework */; };
		D4AA4CFD1766B374009B0635 /* InfoPlist.strings in Resources */ = {isa = PBXBuildFile; fileRef = D4AA4CFB1766B374009B0635 /* InfoPlist.strings */; };
		D4AA4CFF1766B374009B0635 /* main.m in Sources */ = {isa = PBXBuildFile; fileRef = D4AA4CFE1766B374009B0635 /* main.m */; };
		D4AA4D031766B374009B0635 /* ECAppDelegate.m in Sources */ = {isa = PBXBuildFile; fileRef = D4AA4D021766B374009B0635 /* ECAppDelegate.m */; };
		D4AA4D051766B374009B0635 /* Default.png in Resources */ = {isa = PBXBuildFile; fileRef = D4AA4D041766B374009B0635 /* Default.png */; };
		D4AA4D071766B374009B0635 /* Default@2x.png in Resources */ = {isa = PBXBuildFile; fileRef = D4AA4D061766B374009B0635 /* Default@2x.png */; };
		D4AA4D091766B374009B0635 /* Default-568h@2x.png in Resources */ = {isa = PBXBuildFile; fileRef = D4AA4D081766B374009B0635 /* Default-568h@2x.png */; };
		D4AA4D111766B374009B0635 /* SenTestingKit.framework in Frameworks */ = {isa = PBXBuildFile; fileRef = D4AA4D101766B374009B0635 /* SenTestingKit.framework */; };
		D4AA4D121766B374009B0635 /* UIKit.framework in Frameworks */ = {isa = PBXBuildFile; fileRef = D4AA4CF21766B374009B0635 /* UIKit.framework */; };
		D4AA4D131766B374009B0635 /* Foundation.framework in Frameworks */ = {isa = PBXBuildFile; fileRef = D4AA4CF41766B374009B0635 /* Foundation.framework */; };
		D4AA4D1B1766B374009B0635 /* InfoPlist.strings in Resources */ = {isa = PBXBuildFile; fileRef = D4AA4D191766B374009B0635 /* InfoPlist.strings */; };
		D4AA4D1E1766B374009B0635 /* EncoreTests.m in Sources */ = {isa = PBXBuildFile; fileRef = D4AA4D1D1766B374009B0635 /* EncoreTests.m */; };
		D4AA4D301766BA8C009B0635 /* ECLoginViewController.m in Sources */ = {isa = PBXBuildFile; fileRef = D4AA4D2E1766BA8C009B0635 /* ECLoginViewController.m */; };
		D4AA4D311766BA8C009B0635 /* ECLoginViewController.xib in Resources */ = {isa = PBXBuildFile; fileRef = D4AA4D2F1766BA8C009B0635 /* ECLoginViewController.xib */; };
		D4AA4D361766BB03009B0635 /* ECProfileViewController.m in Sources */ = {isa = PBXBuildFile; fileRef = D4AA4D341766BB03009B0635 /* ECProfileViewController.m */; };
		D4AA4D371766BB03009B0635 /* ECProfileViewController.xib in Resources */ = {isa = PBXBuildFile; fileRef = D4AA4D351766BB03009B0635 /* ECProfileViewController.xib */; };
		D4AA4D391766F3D0009B0635 /* Localizable.strings in Resources */ = {isa = PBXBuildFile; fileRef = D4AA4D381766F3D0009B0635 /* Localizable.strings */; };
		D4AC35F91768C5850087B1E9 /* NSDictionary+ConcertList.m in Sources */ = {isa = PBXBuildFile; fileRef = D4AC35F81768C5850087B1E9 /* NSDictionary+ConcertList.m */; };
		D4AC35FC1768C8B20087B1E9 /* ECJSONFetcher.m in Sources */ = {isa = PBXBuildFile; fileRef = D4AC35FB1768C8B20087B1E9 /* ECJSONFetcher.m */; };
		D4B502B117680CB700E0C52B /* ECMyConcertViewController.m in Sources */ = {isa = PBXBuildFile; fileRef = D4B502B017680CB700E0C52B /* ECMyConcertViewController.m */; };
		D4B502B3176823E600E0C52B /* Icon.png in Resources */ = {isa = PBXBuildFile; fileRef = D4B502B2176823E600E0C52B /* Icon.png */; };
		D4B502B5176823EA00E0C52B /* Icon@2x.png in Resources */ = {isa = PBXBuildFile; fileRef = D4B502B4176823EA00E0C52B /* Icon@2x.png */; };
/* End PBXBuildFile section */

/* Begin PBXContainerItemProxy section */
		D4AA4D141766B374009B0635 /* PBXContainerItemProxy */ = {
			isa = PBXContainerItemProxy;
			containerPortal = D4AA4CE71766B373009B0635 /* Project object */;
			proxyType = 1;
			remoteGlobalIDString = D4AA4CEE1766B374009B0635;
			remoteInfo = Encore;
		};
/* End PBXContainerItemProxy section */

/* Begin PBXFileReference section */
		918A85E0EEDE48F3BEFD223A /* libPods.a */ = {isa = PBXFileReference; explicitFileType = archive.ar; includeInIndex = 0; path = libPods.a; sourceTree = BUILT_PRODUCTS_DIR; };
		B56B831D22E04C90BC664348 /* Pods.xcconfig */ = {isa = PBXFileReference; includeInIndex = 1; lastKnownFileType = text.xcconfig; name = Pods.xcconfig; path = Pods/Pods.xcconfig; sourceTree = SOURCE_ROOT; };
		D458D6E417682D2700098C18 /* my_basename-29.png */ = {isa = PBXFileReference; lastKnownFileType = image.png; name = "my_basename-29.png"; path = "../my_basename-29.png"; sourceTree = "<group>"; };
		D458D6E517682D3E00098C18 /* my_basename-58.png */ = {isa = PBXFileReference; lastKnownFileType = image.png; name = "my_basename-58.png"; path = "../my_basename-58.png"; sourceTree = "<group>"; };
		D458D6E61768359E00098C18 /* ECMyConcertViewController.xib */ = {isa = PBXFileReference; fileEncoding = 4; lastKnownFileType = file.xib; path = ECMyConcertViewController.xib; sourceTree = "<group>"; };
		D4AA4CEF1766B374009B0635 /* Encore.app */ = {isa = PBXFileReference; explicitFileType = wrapper.application; includeInIndex = 0; path = Encore.app; sourceTree = BUILT_PRODUCTS_DIR; };
		D4AA4CF21766B374009B0635 /* UIKit.framework */ = {isa = PBXFileReference; lastKnownFileType = wrapper.framework; name = UIKit.framework; path = System/Library/Frameworks/UIKit.framework; sourceTree = SDKROOT; };
		D4AA4CF41766B374009B0635 /* Foundation.framework */ = {isa = PBXFileReference; lastKnownFileType = wrapper.framework; name = Foundation.framework; path = System/Library/Frameworks/Foundation.framework; sourceTree = SDKROOT; };
		D4AA4CF61766B374009B0635 /* CoreGraphics.framework */ = {isa = PBXFileReference; lastKnownFileType = wrapper.framework; name = CoreGraphics.framework; path = System/Library/Frameworks/CoreGraphics.framework; sourceTree = SDKROOT; };
		D4AA4CFA1766B374009B0635 /* Encore-Info.plist */ = {isa = PBXFileReference; lastKnownFileType = text.plist.xml; path = "Encore-Info.plist"; sourceTree = "<group>"; };
		D4AA4CFC1766B374009B0635 /* en */ = {isa = PBXFileReference; lastKnownFileType = text.plist.strings; name = en; path = en.lproj/InfoPlist.strings; sourceTree = "<group>"; };
		D4AA4CFE1766B374009B0635 /* main.m */ = {isa = PBXFileReference; lastKnownFileType = sourcecode.c.objc; path = main.m; sourceTree = "<group>"; };
		D4AA4D001766B374009B0635 /* Encore-Prefix.pch */ = {isa = PBXFileReference; lastKnownFileType = sourcecode.c.h; path = "Encore-Prefix.pch"; sourceTree = "<group>"; };
		D4AA4D011766B374009B0635 /* ECAppDelegate.h */ = {isa = PBXFileReference; lastKnownFileType = sourcecode.c.h; path = ECAppDelegate.h; sourceTree = "<group>"; };
		D4AA4D021766B374009B0635 /* ECAppDelegate.m */ = {isa = PBXFileReference; lastKnownFileType = sourcecode.c.objc; path = ECAppDelegate.m; sourceTree = "<group>"; };
		D4AA4D041766B374009B0635 /* Default.png */ = {isa = PBXFileReference; lastKnownFileType = image.png; path = Default.png; sourceTree = "<group>"; };
		D4AA4D061766B374009B0635 /* Default@2x.png */ = {isa = PBXFileReference; lastKnownFileType = image.png; path = "Default@2x.png"; sourceTree = "<group>"; };
		D4AA4D081766B374009B0635 /* Default-568h@2x.png */ = {isa = PBXFileReference; lastKnownFileType = image.png; path = "Default-568h@2x.png"; sourceTree = "<group>"; };
		D4AA4D0F1766B374009B0635 /* EncoreTests.octest */ = {isa = PBXFileReference; explicitFileType = wrapper.cfbundle; includeInIndex = 0; path = EncoreTests.octest; sourceTree = BUILT_PRODUCTS_DIR; };
		D4AA4D101766B374009B0635 /* SenTestingKit.framework */ = {isa = PBXFileReference; lastKnownFileType = wrapper.framework; name = SenTestingKit.framework; path = Library/Frameworks/SenTestingKit.framework; sourceTree = DEVELOPER_DIR; };
		D4AA4D181766B374009B0635 /* EncoreTests-Info.plist */ = {isa = PBXFileReference; lastKnownFileType = text.plist.xml; path = "EncoreTests-Info.plist"; sourceTree = "<group>"; };
		D4AA4D1A1766B374009B0635 /* en */ = {isa = PBXFileReference; lastKnownFileType = text.plist.strings; name = en; path = en.lproj/InfoPlist.strings; sourceTree = "<group>"; };
		D4AA4D1C1766B374009B0635 /* EncoreTests.h */ = {isa = PBXFileReference; lastKnownFileType = sourcecode.c.h; path = EncoreTests.h; sourceTree = "<group>"; };
		D4AA4D1D1766B374009B0635 /* EncoreTests.m */ = {isa = PBXFileReference; lastKnownFileType = sourcecode.c.objc; path = EncoreTests.m; sourceTree = "<group>"; };
		D4AA4D2D1766BA8C009B0635 /* ECLoginViewController.h */ = {isa = PBXFileReference; fileEncoding = 4; lastKnownFileType = sourcecode.c.h; path = ECLoginViewController.h; sourceTree = "<group>"; };
		D4AA4D2E1766BA8C009B0635 /* ECLoginViewController.m */ = {isa = PBXFileReference; fileEncoding = 4; lastKnownFileType = sourcecode.c.objc; path = ECLoginViewController.m; sourceTree = "<group>"; };
		D4AA4D2F1766BA8C009B0635 /* ECLoginViewController.xib */ = {isa = PBXFileReference; fileEncoding = 4; lastKnownFileType = file.xib; path = ECLoginViewController.xib; sourceTree = "<group>"; };
		D4AA4D331766BB03009B0635 /* ECProfileViewController.h */ = {isa = PBXFileReference; fileEncoding = 4; lastKnownFileType = sourcecode.c.h; path = ECProfileViewController.h; sourceTree = "<group>"; };
		D4AA4D341766BB03009B0635 /* ECProfileViewController.m */ = {isa = PBXFileReference; fileEncoding = 4; lastKnownFileType = sourcecode.c.objc; path = ECProfileViewController.m; sourceTree = "<group>"; };
		D4AA4D351766BB03009B0635 /* ECProfileViewController.xib */ = {isa = PBXFileReference; fileEncoding = 4; lastKnownFileType = file.xib; path = ECProfileViewController.xib; sourceTree = "<group>"; };
		D4AA4D381766F3D0009B0635 /* Localizable.strings */ = {isa = PBXFileReference; fileEncoding = 4; lastKnownFileType = text.plist.strings; path = Localizable.strings; sourceTree = "<group>"; };
		D4AC35F71768C5850087B1E9 /* NSDictionary+ConcertList.h */ = {isa = PBXFileReference; fileEncoding = 4; lastKnownFileType = sourcecode.c.h; path = "NSDictionary+ConcertList.h"; sourceTree = "<group>"; };
		D4AC35F81768C5850087B1E9 /* NSDictionary+ConcertList.m */ = {isa = PBXFileReference; fileEncoding = 4; lastKnownFileType = sourcecode.c.objc; path = "NSDictionary+ConcertList.m"; sourceTree = "<group>"; };
		D4AC35FA1768C8B20087B1E9 /* ECJSONFetcher.h */ = {isa = PBXFileReference; fileEncoding = 4; lastKnownFileType = sourcecode.c.h; path = ECJSONFetcher.h; sourceTree = "<group>"; };
		D4AC35FB1768C8B20087B1E9 /* ECJSONFetcher.m */ = {isa = PBXFileReference; fileEncoding = 4; lastKnownFileType = sourcecode.c.objc; path = ECJSONFetcher.m; sourceTree = "<group>"; };
		D4B502AF17680CB700E0C52B /* ECMyConcertViewController.h */ = {isa = PBXFileReference; fileEncoding = 4; lastKnownFileType = sourcecode.c.h; path = ECMyConcertViewController.h; sourceTree = "<group>"; };
		D4B502B017680CB700E0C52B /* ECMyConcertViewController.m */ = {isa = PBXFileReference; fileEncoding = 4; lastKnownFileType = sourcecode.c.objc; path = ECMyConcertViewController.m; sourceTree = "<group>"; };
		D4B502B2176823E600E0C52B /* Icon.png */ = {isa = PBXFileReference; lastKnownFileType = image.png; name = Icon.png; path = ../Icon.png; sourceTree = "<group>"; };
		D4B502B4176823EA00E0C52B /* Icon@2x.png */ = {isa = PBXFileReference; lastKnownFileType = image.png; name = "Icon@2x.png"; path = "../Icon@2x.png"; sourceTree = "<group>"; };
/* End PBXFileReference section */

/* Begin PBXFrameworksBuildPhase section */
		D4AA4CEC1766B374009B0635 /* Frameworks */ = {
			isa = PBXFrameworksBuildPhase;
			buildActionMask = 2147483647;
			files = (
				D4AA4CF31766B374009B0635 /* UIKit.framework in Frameworks */,
				D4AA4CF51766B374009B0635 /* Foundation.framework in Frameworks */,
				D4AA4CF71766B374009B0635 /* CoreGraphics.framework in Frameworks */,
				255A9AF4A1C64F71B97704C8 /* libPods.a in Frameworks */,
			);
			runOnlyForDeploymentPostprocessing = 0;
		};
		D4AA4D0B1766B374009B0635 /* Frameworks */ = {
			isa = PBXFrameworksBuildPhase;
			buildActionMask = 2147483647;
			files = (
				D4AA4D111766B374009B0635 /* SenTestingKit.framework in Frameworks */,
				D4AA4D121766B374009B0635 /* UIKit.framework in Frameworks */,
				D4AA4D131766B374009B0635 /* Foundation.framework in Frameworks */,
			);
			runOnlyForDeploymentPostprocessing = 0;
		};
/* End PBXFrameworksBuildPhase section */

/* Begin PBXGroup section */
		D4AA4CE61766B373009B0635 = {
			isa = PBXGroup;
			children = (
				D4AA4CF81766B374009B0635 /* Encore */,
				D4AA4D161766B374009B0635 /* EncoreTests */,
				D4AA4CF11766B374009B0635 /* Frameworks */,
				D4AA4CF01766B374009B0635 /* Products */,
				B56B831D22E04C90BC664348 /* Pods.xcconfig */,
			);
			sourceTree = "<group>";
		};
		D4AA4CF01766B374009B0635 /* Products */ = {
			isa = PBXGroup;
			children = (
				D4AA4CEF1766B374009B0635 /* Encore.app */,
				D4AA4D0F1766B374009B0635 /* EncoreTests.octest */,
			);
			name = Products;
			sourceTree = "<group>";
		};
		D4AA4CF11766B374009B0635 /* Frameworks */ = {
			isa = PBXGroup;
			children = (
				D4AA4CF21766B374009B0635 /* UIKit.framework */,
				D4AA4CF41766B374009B0635 /* Foundation.framework */,
				D4AA4CF61766B374009B0635 /* CoreGraphics.framework */,
				D4AA4D101766B374009B0635 /* SenTestingKit.framework */,
				918A85E0EEDE48F3BEFD223A /* libPods.a */,
			);
			name = Frameworks;
			sourceTree = "<group>";
		};
		D4AA4CF81766B374009B0635 /* Encore */ = {
			isa = PBXGroup;
			children = (
				D4AA4D011766B374009B0635 /* ECAppDelegate.h */,
				D4AA4D021766B374009B0635 /* ECAppDelegate.m */,
				D4AA4D2C1766B9B0009B0635 /* Profile */,
				D4AA4D321766BA8F009B0635 /* Login */,
				D4AA4CF91766B374009B0635 /* Supporting Files */,
			);
			path = Encore;
			sourceTree = "<group>";
		};
		D4AA4CF91766B374009B0635 /* Supporting Files */ = {
			isa = PBXGroup;
			children = (
				D458D6E517682D3E00098C18 /* my_basename-58.png */,
				D458D6E417682D2700098C18 /* my_basename-29.png */,
				D4B502B4176823EA00E0C52B /* Icon@2x.png */,
				D4B502B2176823E600E0C52B /* Icon.png */,
				D4AC35F71768C5850087B1E9 /* NSDictionary+ConcertList.h */,
				D4AC35F81768C5850087B1E9 /* NSDictionary+ConcertList.m */,
				D4AA4D381766F3D0009B0635 /* Localizable.strings */,
				D4AA4CFA1766B374009B0635 /* Encore-Info.plist */,
				D4AA4CFB1766B374009B0635 /* InfoPlist.strings */,
				D4AA4CFE1766B374009B0635 /* main.m */,
				D4AA4D001766B374009B0635 /* Encore-Prefix.pch */,
				D4AA4D041766B374009B0635 /* Default.png */,
				D4AA4D061766B374009B0635 /* Default@2x.png */,
				D4AA4D081766B374009B0635 /* Default-568h@2x.png */,
			);
			name = "Supporting Files";
			sourceTree = "<group>";
		};
		D4AA4D161766B374009B0635 /* EncoreTests */ = {
			isa = PBXGroup;
			children = (
				D4AA4D1C1766B374009B0635 /* EncoreTests.h */,
				D4AA4D1D1766B374009B0635 /* EncoreTests.m */,
				D4AA4D171766B374009B0635 /* Supporting Files */,
			);
			path = EncoreTests;
			sourceTree = "<group>";
		};
		D4AA4D171766B374009B0635 /* Supporting Files */ = {
			isa = PBXGroup;
			children = (
				D4AA4D181766B374009B0635 /* EncoreTests-Info.plist */,
				D4AA4D191766B374009B0635 /* InfoPlist.strings */,
			);
			name = "Supporting Files";
			sourceTree = "<group>";
		};
		D4AA4D2C1766B9B0009B0635 /* Profile */ = {
			isa = PBXGroup;
			children = (
				D4B502AF17680CB700E0C52B /* ECMyConcertViewController.h */,
				D4B502B017680CB700E0C52B /* ECMyConcertViewController.m */,
				D458D6E61768359E00098C18 /* ECMyConcertViewController.xib */,
				D4AA4D331766BB03009B0635 /* ECProfileViewController.h */,
				D4AA4D341766BB03009B0635 /* ECProfileViewController.m */,
				D4AA4D351766BB03009B0635 /* ECProfileViewController.xib */,
				D4AC35FA1768C8B20087B1E9 /* ECJSONFetcher.h */,
				D4AC35FB1768C8B20087B1E9 /* ECJSONFetcher.m */,
			);
			name = Profile;
			sourceTree = "<group>";
		};
		D4AA4D321766BA8F009B0635 /* Login */ = {
			isa = PBXGroup;
			children = (
				D4AA4D2D1766BA8C009B0635 /* ECLoginViewController.h */,
				D4AA4D2E1766BA8C009B0635 /* ECLoginViewController.m */,
				D4AA4D2F1766BA8C009B0635 /* ECLoginViewController.xib */,
			);
			name = Login;
			sourceTree = "<group>";
		};
/* End PBXGroup section */

/* Begin PBXNativeTarget section */
		D4AA4CEE1766B374009B0635 /* Encore */ = {
			isa = PBXNativeTarget;
			buildConfigurationList = D4AA4D211766B374009B0635 /* Build configuration list for PBXNativeTarget "Encore" */;
			buildPhases = (
				7F48833E90A8476FABBA2047 /* Check Pods Manifest.lock */,
				D4AA4CEB1766B374009B0635 /* Sources */,
				D4AA4CEC1766B374009B0635 /* Frameworks */,
				D4AA4CED1766B374009B0635 /* Resources */,
				6ED2426A9A5940A7960A5FC6 /* Copy Pods Resources */,
			);
			buildRules = (
			);
			dependencies = (
			);
			name = Encore;
			productName = Encore;
			productReference = D4AA4CEF1766B374009B0635 /* Encore.app */;
			productType = "com.apple.product-type.application";
		};
		D4AA4D0E1766B374009B0635 /* EncoreTests */ = {
			isa = PBXNativeTarget;
			buildConfigurationList = D4AA4D241766B374009B0635 /* Build configuration list for PBXNativeTarget "EncoreTests" */;
			buildPhases = (
				D4AA4D0A1766B374009B0635 /* Sources */,
				D4AA4D0B1766B374009B0635 /* Frameworks */,
				D4AA4D0C1766B374009B0635 /* Resources */,
				D4AA4D0D1766B374009B0635 /* ShellScript */,
			);
			buildRules = (
			);
			dependencies = (
				D4AA4D151766B374009B0635 /* PBXTargetDependency */,
			);
			name = EncoreTests;
			productName = EncoreTests;
			productReference = D4AA4D0F1766B374009B0635 /* EncoreTests.octest */;
			productType = "com.apple.product-type.bundle";
		};
/* End PBXNativeTarget section */

/* Begin PBXProject section */
		D4AA4CE71766B373009B0635 /* Project object */ = {
			isa = PBXProject;
			attributes = {
				CLASSPREFIX = EC;
				LastUpgradeCheck = 0460;
				ORGANIZATIONNAME = Encore;
			};
			buildConfigurationList = D4AA4CEA1766B373009B0635 /* Build configuration list for PBXProject "Encore" */;
			compatibilityVersion = "Xcode 3.2";
			developmentRegion = English;
			hasScannedForEncodings = 0;
			knownRegions = (
				en,
			);
			mainGroup = D4AA4CE61766B373009B0635;
			productRefGroup = D4AA4CF01766B374009B0635 /* Products */;
			projectDirPath = "";
			projectRoot = "";
			targets = (
				D4AA4CEE1766B374009B0635 /* Encore */,
				D4AA4D0E1766B374009B0635 /* EncoreTests */,
			);
		};
/* End PBXProject section */

/* Begin PBXResourcesBuildPhase section */
		D4AA4CED1766B374009B0635 /* Resources */ = {
			isa = PBXResourcesBuildPhase;
			buildActionMask = 2147483647;
			files = (
				D4AA4CFD1766B374009B0635 /* InfoPlist.strings in Resources */,
				D4AA4D051766B374009B0635 /* Default.png in Resources */,
				D4AA4D071766B374009B0635 /* Default@2x.png in Resources */,
				D458D6E71768359E00098C18 /* ECMyConcertViewController.xib in Resources */,
				D4AA4D091766B374009B0635 /* Default-568h@2x.png in Resources */,
				D4AA4D311766BA8C009B0635 /* ECLoginViewController.xib in Resources */,
				D4AA4D371766BB03009B0635 /* ECProfileViewController.xib in Resources */,
				D4AA4D391766F3D0009B0635 /* Localizable.strings in Resources */,
				D4B502B3176823E600E0C52B /* Icon.png in Resources */,
				D4B502B5176823EA00E0C52B /* Icon@2x.png in Resources */,
			);
			runOnlyForDeploymentPostprocessing = 0;
		};
		D4AA4D0C1766B374009B0635 /* Resources */ = {
			isa = PBXResourcesBuildPhase;
			buildActionMask = 2147483647;
			files = (
				D4AA4D1B1766B374009B0635 /* InfoPlist.strings in Resources */,
			);
			runOnlyForDeploymentPostprocessing = 0;
		};
/* End PBXResourcesBuildPhase section */

/* Begin PBXShellScriptBuildPhase section */
		6ED2426A9A5940A7960A5FC6 /* Copy Pods Resources */ = {
			isa = PBXShellScriptBuildPhase;
			buildActionMask = 2147483647;
			files = (
			);
			inputPaths = (
			);
			name = "Copy Pods Resources";
			outputPaths = (
			);
			runOnlyForDeploymentPostprocessing = 0;
			shellPath = /bin/sh;
			shellScript = "\"${SRCROOT}/Pods/Pods-resources.sh\"\n";
		};
		7F48833E90A8476FABBA2047 /* Check Pods Manifest.lock */ = {
			isa = PBXShellScriptBuildPhase;
			buildActionMask = 2147483647;
			files = (
			);
			inputPaths = (
			);
			name = "Check Pods Manifest.lock";
			outputPaths = (
			);
			runOnlyForDeploymentPostprocessing = 0;
			shellPath = /bin/sh;
			shellScript = "diff \"${PODS_ROOT}/../Podfile.lock\" \"${PODS_ROOT}/Manifest.lock\" > /dev/null\nif [[ $? != 0 ]] ; then\n    cat << EOM\nerror: The sandbox is not in sync with the Podfile.lock. Run 'pod install' or update your CocoaPods installation.\nEOM\n    exit 1\nfi\n";
		};
		D4AA4D0D1766B374009B0635 /* ShellScript */ = {
			isa = PBXShellScriptBuildPhase;
			buildActionMask = 2147483647;
			files = (
			);
			inputPaths = (
			);
			outputPaths = (
			);
			runOnlyForDeploymentPostprocessing = 0;
			shellPath = /bin/sh;
			shellScript = "# Run the unit tests in this test bundle.\n\"${SYSTEM_DEVELOPER_DIR}/Tools/RunUnitTests\"\n";
		};
/* End PBXShellScriptBuildPhase section */

/* Begin PBXSourcesBuildPhase section */
		D4AA4CEB1766B374009B0635 /* Sources */ = {
			isa = PBXSourcesBuildPhase;
			buildActionMask = 2147483647;
			files = (
				D4AA4CFF1766B374009B0635 /* main.m in Sources */,
				D4AC35F91768C5850087B1E9 /* NSDictionary+ConcertList.m in Sources */,
				D4AA4D031766B374009B0635 /* ECAppDelegate.m in Sources */,
				D4AC35FC1768C8B20087B1E9 /* ECJSONFetcher.m in Sources */,
				D4AA4D301766BA8C009B0635 /* ECLoginViewController.m in Sources */,
				D4AA4D361766BB03009B0635 /* ECProfileViewController.m in Sources */,
				D4B502B117680CB700E0C52B /* ECMyConcertViewController.m in Sources */,
			);
			runOnlyForDeploymentPostprocessing = 0;
		};
		D4AA4D0A1766B374009B0635 /* Sources */ = {
			isa = PBXSourcesBuildPhase;
			buildActionMask = 2147483647;
			files = (
				D4AA4D1E1766B374009B0635 /* EncoreTests.m in Sources */,
			);
			runOnlyForDeploymentPostprocessing = 0;
		};
/* End PBXSourcesBuildPhase section */

/* Begin PBXTargetDependency section */
		D4AA4D151766B374009B0635 /* PBXTargetDependency */ = {
			isa = PBXTargetDependency;
			target = D4AA4CEE1766B374009B0635 /* Encore */;
			targetProxy = D4AA4D141766B374009B0635 /* PBXContainerItemProxy */;
		};
/* End PBXTargetDependency section */

/* Begin PBXVariantGroup section */
		D4AA4CFB1766B374009B0635 /* InfoPlist.strings */ = {
			isa = PBXVariantGroup;
			children = (
				D4AA4CFC1766B374009B0635 /* en */,
			);
			name = InfoPlist.strings;
			sourceTree = "<group>";
		};
		D4AA4D191766B374009B0635 /* InfoPlist.strings */ = {
			isa = PBXVariantGroup;
			children = (
				D4AA4D1A1766B374009B0635 /* en */,
			);
			name = InfoPlist.strings;
			sourceTree = "<group>";
		};
/* End PBXVariantGroup section */

/* Begin XCBuildConfiguration section */
		D4AA4D1F1766B374009B0635 /* Debug */ = {
			isa = XCBuildConfiguration;
			buildSettings = {
				ALWAYS_SEARCH_USER_PATHS = NO;
				CLANG_CXX_LANGUAGE_STANDARD = "gnu++0x";
				CLANG_CXX_LIBRARY = "libc++";
				CLANG_ENABLE_OBJC_ARC = YES;
				CLANG_WARN_CONSTANT_CONVERSION = YES;
				CLANG_WARN_EMPTY_BODY = YES;
				CLANG_WARN_ENUM_CONVERSION = YES;
				CLANG_WARN_INT_CONVERSION = YES;
				CLANG_WARN__DUPLICATE_METHOD_MATCH = YES;
				"CODE_SIGN_IDENTITY[sdk=iphoneos*]" = "iPhone Developer";
				COPY_PHASE_STRIP = NO;
				GCC_C_LANGUAGE_STANDARD = gnu99;
				GCC_DYNAMIC_NO_PIC = NO;
				GCC_OPTIMIZATION_LEVEL = 0;
				GCC_PREPROCESSOR_DEFINITIONS = (
					"DEBUG=1",
					"$(inherited)",
				);
				GCC_SYMBOLS_PRIVATE_EXTERN = NO;
				GCC_WARN_ABOUT_RETURN_TYPE = YES;
				GCC_WARN_UNINITIALIZED_AUTOS = YES;
				GCC_WARN_UNUSED_VARIABLE = YES;
				IPHONEOS_DEPLOYMENT_TARGET = 6.1;
				ONLY_ACTIVE_ARCH = YES;
				SDKROOT = iphoneos;
			};
			name = Debug;
		};
		D4AA4D201766B374009B0635 /* Release */ = {
			isa = XCBuildConfiguration;
			buildSettings = {
				ALWAYS_SEARCH_USER_PATHS = NO;
				CLANG_CXX_LANGUAGE_STANDARD = "gnu++0x";
				CLANG_CXX_LIBRARY = "libc++";
				CLANG_ENABLE_OBJC_ARC = YES;
				CLANG_WARN_CONSTANT_CONVERSION = YES;
				CLANG_WARN_EMPTY_BODY = YES;
				CLANG_WARN_ENUM_CONVERSION = YES;
				CLANG_WARN_INT_CONVERSION = YES;
				CLANG_WARN__DUPLICATE_METHOD_MATCH = YES;
				"CODE_SIGN_IDENTITY[sdk=iphoneos*]" = "iPhone Developer";
				COPY_PHASE_STRIP = YES;
				GCC_C_LANGUAGE_STANDARD = gnu99;
				GCC_WARN_ABOUT_RETURN_TYPE = YES;
				GCC_WARN_UNINITIALIZED_AUTOS = YES;
				GCC_WARN_UNUSED_VARIABLE = YES;
				IPHONEOS_DEPLOYMENT_TARGET = 6.1;
				OTHER_CFLAGS = "-DNS_BLOCK_ASSERTIONS=1";
				SDKROOT = iphoneos;
				VALIDATE_PRODUCT = YES;
			};
			name = Release;
		};
		D4AA4D221766B374009B0635 /* Debug */ = {
			isa = XCBuildConfiguration;
			baseConfigurationReference = B56B831D22E04C90BC664348 /* Pods.xcconfig */;
			buildSettings = {
				GCC_PRECOMPILE_PREFIX_HEADER = YES;
				GCC_PREFIX_HEADER = "Encore/Encore-Prefix.pch";
				INFOPLIST_FILE = "Encore/Encore-Info.plist";
				IPHONEOS_DEPLOYMENT_TARGET = 6.0;
				PRODUCT_NAME = "$(TARGET_NAME)";
				WRAPPER_EXTENSION = app;
			};
			name = Debug;
		};
		D4AA4D231766B374009B0635 /* Release */ = {
			isa = XCBuildConfiguration;
			baseConfigurationReference = B56B831D22E04C90BC664348 /* Pods.xcconfig */;
			buildSettings = {
				GCC_PRECOMPILE_PREFIX_HEADER = YES;
				GCC_PREFIX_HEADER = "Encore/Encore-Prefix.pch";
				INFOPLIST_FILE = "Encore/Encore-Info.plist";
				IPHONEOS_DEPLOYMENT_TARGET = 6.0;
				PRODUCT_NAME = "$(TARGET_NAME)";
				WRAPPER_EXTENSION = app;
			};
			name = Release;
		};
		D4AA4D251766B374009B0635 /* Debug */ = {
			isa = XCBuildConfiguration;
			buildSettings = {
				BUNDLE_LOADER = "$(BUILT_PRODUCTS_DIR)/Encore.app/Encore";
				FRAMEWORK_SEARCH_PATHS = (
					"\"$(SDKROOT)/Developer/Library/Frameworks\"",
					"\"$(DEVELOPER_LIBRARY_DIR)/Frameworks\"",
				);
				GCC_PRECOMPILE_PREFIX_HEADER = YES;
				GCC_PREFIX_HEADER = "Encore/Encore-Prefix.pch";
				INFOPLIST_FILE = "EncoreTests/EncoreTests-Info.plist";
				PRODUCT_NAME = "$(TARGET_NAME)";
				TEST_HOST = "$(BUNDLE_LOADER)";
				WRAPPER_EXTENSION = octest;
			};
			name = Debug;
		};
		D4AA4D261766B374009B0635 /* Release */ = {
			isa = XCBuildConfiguration;
			buildSettings = {
				BUNDLE_LOADER = "$(BUILT_PRODUCTS_DIR)/Encore.app/Encore";
				FRAMEWORK_SEARCH_PATHS = (
					"\"$(SDKROOT)/Developer/Library/Frameworks\"",
					"\"$(DEVELOPER_LIBRARY_DIR)/Frameworks\"",
				);
				GCC_PRECOMPILE_PREFIX_HEADER = YES;
				GCC_PREFIX_HEADER = "Encore/Encore-Prefix.pch";
				INFOPLIST_FILE = "EncoreTests/EncoreTests-Info.plist";
				PRODUCT_NAME = "$(TARGET_NAME)";
				TEST_HOST = "$(BUNDLE_LOADER)";
				WRAPPER_EXTENSION = octest;
			};
			name = Release;
		};
/* End XCBuildConfiguration section */

/* Begin XCConfigurationList section */
		D4AA4CEA1766B373009B0635 /* Build configuration list for PBXProject "Encore" */ = {
			isa = XCConfigurationList;
			buildConfigurations = (
				D4AA4D1F1766B374009B0635 /* Debug */,
				D4AA4D201766B374009B0635 /* Release */,
			);
			defaultConfigurationIsVisible = 0;
			defaultConfigurationName = Release;
		};
		D4AA4D211766B374009B0635 /* Build configuration list for PBXNativeTarget "Encore" */ = {
			isa = XCConfigurationList;
			buildConfigurations = (
				D4AA4D221766B374009B0635 /* Debug */,
				D4AA4D231766B374009B0635 /* Release */,
			);
			defaultConfigurationIsVisible = 0;
			defaultConfigurationName = Release;
		};
		D4AA4D241766B374009B0635 /* Build configuration list for PBXNativeTarget "EncoreTests" */ = {
			isa = XCConfigurationList;
			buildConfigurations = (
				D4AA4D251766B374009B0635 /* Debug */,
				D4AA4D261766B374009B0635 /* Release */,
			);
			defaultConfigurationIsVisible = 0;
			defaultConfigurationName = Release;
		};
/* End XCConfigurationList section */
	};
	rootObject = D4AA4CE71766B373009B0635 /* Project object */;
}
