// !$*UTF8*$!
{
	archiveVersion = 1;
	classes = {
	};
	objectVersion = 46;
	objects = {

/* Begin PBXBuildFile section */
		255A9AF4A1C64F71B97704C8 /* libPods.a in Frameworks */ = {isa = PBXBuildFile; fileRef = 918A85E0EEDE48F3BEFD223A /* libPods.a */; };
		A00402BD177F4F7300B998CF /* ECProfileHeader.m in Sources */ = {isa = PBXBuildFile; fileRef = A00402BC177F4F7300B998CF /* ECProfileHeader.m */; };
		A00402C0177F65F600B998CF /* loginButton.png in Resources */ = {isa = PBXBuildFile; fileRef = A00402BE177F65F600B998CF /* loginButton.png */; };
		A00402C1177F65F600B998CF /* loginButton@2x.png in Resources */ = {isa = PBXBuildFile; fileRef = A00402BF177F65F600B998CF /* loginButton@2x.png */; };
		A00402C4177F6B0900B998CF /* backButton.png in Resources */ = {isa = PBXBuildFile; fileRef = A00402C2177F6B0900B998CF /* backButton.png */; };
		A00402C5177F6B0900B998CF /* backButton@2x.png in Resources */ = {isa = PBXBuildFile; fileRef = A00402C3177F6B0900B998CF /* backButton@2x.png */; };
		A00402C8177F701500B998CF /* IWasThereButton.png in Resources */ = {isa = PBXBuildFile; fileRef = A00402C6177F701500B998CF /* IWasThereButton.png */; };
		A00402C9177F701500B998CF /* IWasThereButton@2x.png in Resources */ = {isa = PBXBuildFile; fileRef = A00402C7177F701500B998CF /* IWasThereButton@2x.png */; };
		A00402CC177F704B00B998CF /* postButton.png in Resources */ = {isa = PBXBuildFile; fileRef = A00402CA177F704B00B998CF /* postButton.png */; };
		A00402CD177F704B00B998CF /* postButton@2x.png in Resources */ = {isa = PBXBuildFile; fileRef = A00402CB177F704B00B998CF /* postButton@2x.png */; };
		A00402D2177F9E7700B998CF /* blueLocationMarker.png in Resources */ = {isa = PBXBuildFile; fileRef = A00402D0177F9E7600B998CF /* blueLocationMarker.png */; };
		A00402D3177F9E7700B998CF /* blueLocationMarker@2x.png in Resources */ = {isa = PBXBuildFile; fileRef = A00402D1177F9E7600B998CF /* blueLocationMarker@2x.png */; };
		A00402D6177F9E9700B998CF /* imgStubs.png in Resources */ = {isa = PBXBuildFile; fileRef = A00402D4177F9E9700B998CF /* imgStubs.png */; };
		A00402D7177F9E9700B998CF /* imgStubs@2x.png in Resources */ = {isa = PBXBuildFile; fileRef = A00402D5177F9E9700B998CF /* imgStubs@2x.png */; };
		A00A7F4A1784BD2A00839EFD /* ECFutureConcertViewController.m in Sources */ = {isa = PBXBuildFile; fileRef = A00A7F481784BD2A00839EFD /* ECFutureConcertViewController.m */; };
		A00A7F4B1784BD2A00839EFD /* ECFutureConcertViewController.xib in Resources */ = {isa = PBXBuildFile; fileRef = A00A7F491784BD2A00839EFD /* ECFutureConcertViewController.xib */; };
		A022AAA2177605900009244C /* Hero Light.otf in Resources */ = {isa = PBXBuildFile; fileRef = A022AAA0177605900009244C /* Hero Light.otf */; };
		A022AAA3177605900009244C /* Hero.otf in Resources */ = {isa = PBXBuildFile; fileRef = A022AAA1177605900009244C /* Hero.otf */; };
		A022AAA617779BB50009244C /* ECConcertCellView.m in Sources */ = {isa = PBXBuildFile; fileRef = A022AAA517779BB50009244C /* ECConcertCellView.m */; };
		A022AAA817779BDF0009244C /* ECConcertCellView.xib in Resources */ = {isa = PBXBuildFile; fileRef = A022AAA717779BDF0009244C /* ECConcertCellView.xib */; };
		A022AAAF1777C44A0009244C /* navbar.png in Resources */ = {isa = PBXBuildFile; fileRef = A022AAAD1777C44A0009244C /* navbar.png */; };
		A022AAB01777C44A0009244C /* navbar@2x.png in Resources */ = {isa = PBXBuildFile; fileRef = A022AAAE1777C44A0009244C /* navbar@2x.png */; };
		A022AAB51777DB250009244C /* ECCustomSearchBar.m in Sources */ = {isa = PBXBuildFile; fileRef = A022AAB41777DB240009244C /* ECCustomSearchBar.m */; };
		A022AAB71778D8D60009244C /* LiveIndicator.png in Resources */ = {isa = PBXBuildFile; fileRef = A022AAB61778D8D60009244C /* LiveIndicator.png */; };
		A022AAB91778E8240009244C /* sampleArtistImage.jpg in Resources */ = {isa = PBXBuildFile; fileRef = A022AAB81778E8240009244C /* sampleArtistImage.jpg */; };
		A022AABF1779E8380009244C /* UIImage+GaussBlur.m in Sources */ = {isa = PBXBuildFile; fileRef = A022AABE1779E8380009244C /* UIImage+GaussBlur.m */; };
		A022AAC6177A35B30009244C /* locationmarker.png in Resources */ = {isa = PBXBuildFile; fileRef = A022AAC0177A35B30009244C /* locationmarker.png */; };
		A022AAC7177A35B30009244C /* locationmarker@2x.png in Resources */ = {isa = PBXBuildFile; fileRef = A022AAC1177A35B30009244C /* locationmarker@2x.png */; };
		A022AAC8177A35B30009244C /* locationmarkergrey.png in Resources */ = {isa = PBXBuildFile; fileRef = A022AAC2177A35B30009244C /* locationmarkergrey.png */; };
		A022AAC9177A35B30009244C /* locationmarkergrey@2x.png in Resources */ = {isa = PBXBuildFile; fileRef = A022AAC3177A35B30009244C /* locationmarkergrey@2x.png */; };
		A022AACD177A38C90009244C /* magnifyglass@2x.png in Resources */ = {isa = PBXBuildFile; fileRef = A022AACC177A38C90009244C /* magnifyglass@2x.png */; };
		A022AACF177A39B00009244C /* magnifyglass.png in Resources */ = {isa = PBXBuildFile; fileRef = A022AACE177A39B00009244C /* magnifyglass.png */; };
		A04C4333176F85F9003B4299 /* CoreLocation.framework in Frameworks */ = {isa = PBXBuildFile; fileRef = A04C4332176F85F9003B4299 /* CoreLocation.framework */; };
		A0848C0B176D1F0D009BBB38 /* ECLoginPageView.xib in Resources */ = {isa = PBXBuildFile; fileRef = A0848C0A176D1F0D009BBB38 /* ECLoginPageView.xib */; };
		A0848C11176D25D5009BBB38 /* ECLoginPageView.m in Sources */ = {isa = PBXBuildFile; fileRef = A0848C10176D25D5009BBB38 /* ECLoginPageView.m */; };
		A0A2B0BC177B324F00518B6C /* profileButton.png in Resources */ = {isa = PBXBuildFile; fileRef = A0A2B0BB177B324F00518B6C /* profileButton.png */; };
		A0A2B0BE177B381F00518B6C /* profileButton@2x.png in Resources */ = {isa = PBXBuildFile; fileRef = A0A2B0BD177B381F00518B6C /* profileButton@2x.png */; };
		A0A2B0C6177B867F00518B6C /* NSMutableDictionary+ConcertImages.m in Sources */ = {isa = PBXBuildFile; fileRef = A0A2B0C5177B867F00518B6C /* NSMutableDictionary+ConcertImages.m */; };
		A0A2B0CD177CE82700518B6C /* songkick.png in Resources */ = {isa = PBXBuildFile; fileRef = A0A2B0CB177CE82700518B6C /* songkick.png */; };
		A0A2B0CE177CE82700518B6C /* songkick@2x.png in Resources */ = {isa = PBXBuildFile; fileRef = A0A2B0CC177CE82700518B6C /* songkick@2x.png */; };
		A0A2B0D5177E1E7200518B6C /* shareButton.png in Resources */ = {isa = PBXBuildFile; fileRef = A0A2B0D3177E1E7100518B6C /* shareButton.png */; };
		A0A2B0D6177E1E7200518B6C /* shareButton@2x.png in Resources */ = {isa = PBXBuildFile; fileRef = A0A2B0D4177E1E7100518B6C /* shareButton@2x.png */; };
		A0A2B0DA177E333900518B6C /* ECProfileViewController.m in Sources */ = {isa = PBXBuildFile; fileRef = A0A2B0D8177E333900518B6C /* ECProfileViewController.m */; };
		A0A2B0DB177E333900518B6C /* ECProfileViewController.xib in Resources */ = {isa = PBXBuildFile; fileRef = A0A2B0D9177E333900518B6C /* ECProfileViewController.xib */; };
		A0A2B0DD177E3B5A00518B6C /* ECProfileHeader.xib in Resources */ = {isa = PBXBuildFile; fileRef = A0A2B0DC177E3B5A00518B6C /* ECProfileHeader.xib */; };
		A0FF1C53176CC88000433768 /* LoginInfoPages.plist in Resources */ = {isa = PBXBuildFile; fileRef = A0FF1C52176CC88000433768 /* LoginInfoPages.plist */; };
		D428A45B1781085500101F12 /* UIColor+EncoreUI.m in Sources */ = {isa = PBXBuildFile; fileRef = D428A45A1781085500101F12 /* UIColor+EncoreUI.m */; };
		D428A45F17811F4A00101F12 /* removebutton.png in Resources */ = {isa = PBXBuildFile; fileRef = D428A45D17811F4A00101F12 /* removebutton.png */; };
		D428A46017811F4A00101F12 /* removebutton@2x.png in Resources */ = {isa = PBXBuildFile; fileRef = D428A45E17811F4A00101F12 /* removebutton@2x.png */; };
		D43ACD7F176D2EA700E2282A /* ECCellType.m in Sources */ = {isa = PBXBuildFile; fileRef = D43ACD7E176D2EA700E2282A /* ECCellType.m */; };
		D43ACD81176D3B7F00E2282A /* ECEndCellView.xib in Resources */ = {isa = PBXBuildFile; fileRef = D43ACD80176D3B7F00E2282A /* ECEndCellView.xib */; };
		D43ACD84176D3BF400E2282A /* ECEndCellView.m in Sources */ = {isa = PBXBuildFile; fileRef = D43ACD83176D3BF400E2282A /* ECEndCellView.m */; };
		D45DBD5D1783C57D000ED3C1 /* Icon@2x.png in Resources */ = {isa = PBXBuildFile; fileRef = D45DBD5C1783C57D000ED3C1 /* Icon@2x.png */; };
		D45DBD5F1783C5C5000ED3C1 /* Icon-Small@2x.png in Resources */ = {isa = PBXBuildFile; fileRef = D45DBD5E1783C5C5000ED3C1 /* Icon-Small@2x.png */; };
		D45DBD611783C5DF000ED3C1 /* Icon.png in Resources */ = {isa = PBXBuildFile; fileRef = D45DBD601783C5DF000ED3C1 /* Icon.png */; };
		D4A22253176B7FC1005AB205 /* KLHorizontalSelect.m in Sources */ = {isa = PBXBuildFile; fileRef = D4A22252176B7FC1005AB205 /* KLHorizontalSelect.m */; };
		D4A2F6CD176959BD00A9E3BF /* ECMainViewController.xib in Resources */ = {isa = PBXBuildFile; fileRef = D4A2F6CC176959BD00A9E3BF /* ECMainViewController.xib */; };
		D4A4D813176CC81600EFCBF7 /* ECHorizontalCellView.xib in Resources */ = {isa = PBXBuildFile; fileRef = D4A4D812176CC81600EFCBF7 /* ECHorizontalCellView.xib */; };
		D4A4D816176CC9AA00EFCBF7 /* ECHorizontalCellView.m in Sources */ = {isa = PBXBuildFile; fileRef = D4A4D815176CC9AA00EFCBF7 /* ECHorizontalCellView.m */; };
		D4A7BEA8177B2F3B00C22D91 /* UIImage+Orientation.m in Sources */ = {isa = PBXBuildFile; fileRef = D4A7BEA7177B2F3B00C22D91 /* UIImage+Orientation.m */; };
		D4A8DDB8176A133B005E9847 /* NSDictionary+Posts.m in Sources */ = {isa = PBXBuildFile; fileRef = D4A8DDAC176A133B005E9847 /* NSDictionary+Posts.m */; };
		D4A8DDB9176A133B005E9847 /* ECConcertDetailViewController.m in Sources */ = {isa = PBXBuildFile; fileRef = D4A8DDAD176A133B005E9847 /* ECConcertDetailViewController.m */; };
		D4A8DDBA176A133B005E9847 /* Cell.m in Sources */ = {isa = PBXBuildFile; fileRef = D4A8DDAF176A133B005E9847 /* Cell.m */; };
		D4A8DDBB176A133B005E9847 /* ECConcertDetailViewController.xib in Resources */ = {isa = PBXBuildFile; fileRef = D4A8DDB1176A133B005E9847 /* ECConcertDetailViewController.xib */; };
		D4A8DDBC176A133B005E9847 /* InfoPlist.strings in Resources */ = {isa = PBXBuildFile; fileRef = D4A8DDB3176A133B005E9847 /* InfoPlist.strings */; };
		D4A8DDBD176A133B005E9847 /* ECCollectionCell.xib in Resources */ = {isa = PBXBuildFile; fileRef = D4A8DDB5176A133B005E9847 /* ECCollectionCell.xib */; };
		D4A8DDBE176A133B005E9847 /* CustomCellBackground.m in Sources */ = {isa = PBXBuildFile; fileRef = D4A8DDB7176A133B005E9847 /* CustomCellBackground.m */; };
		D4A8DDC4176A20D2005E9847 /* ECJSONPoster.m in Sources */ = {isa = PBXBuildFile; fileRef = D4A8DDC3176A20D2005E9847 /* ECJSONPoster.m */; };
		D4A8DDCA176A39BA005E9847 /* NSDate+JSON.m in Sources */ = {isa = PBXBuildFile; fileRef = D4A8DDC9176A39B9005E9847 /* NSDate+JSON.m */; };
		D4A8DDCE176A405D005E9847 /* ECPostViewController.m in Sources */ = {isa = PBXBuildFile; fileRef = D4A8DDCC176A405D005E9847 /* ECPostViewController.m */; };
		D4A8DDCF176A405D005E9847 /* ECPostViewController.xib in Resources */ = {isa = PBXBuildFile; fileRef = D4A8DDCD176A405D005E9847 /* ECPostViewController.xib */; };
		D4A8DDD3176A8885005E9847 /* placeholder.jpg in Resources */ = {isa = PBXBuildFile; fileRef = D4A8DDD2176A8885005E9847 /* placeholder.jpg */; };
		D4A8DDD5176AAA99005E9847 /* QuartzCore.framework in Frameworks */ = {isa = PBXBuildFile; fileRef = D4A8DDD4176AAA98005E9847 /* QuartzCore.framework */; };
		D4A8DDED176AB650005E9847 /* gray_gradient_background.png in Resources */ = {isa = PBXBuildFile; fileRef = D4A8DDD9176AB650005E9847 /* gray_gradient_background.png */; };
		D4A8DDEE176AB650005E9847 /* gray_gradient_background@2x.png in Resources */ = {isa = PBXBuildFile; fileRef = D4A8DDDA176AB650005E9847 /* gray_gradient_background@2x.png */; };
		D4A8DDEF176AB650005E9847 /* home_background.jpg in Resources */ = {isa = PBXBuildFile; fileRef = D4A8DDDB176AB650005E9847 /* home_background.jpg */; };
		D4A8DDF0176AB650005E9847 /* home_background@2x.jpg in Resources */ = {isa = PBXBuildFile; fileRef = D4A8DDDC176AB650005E9847 /* home_background@2x.jpg */; };
		D4A99ED617849E9500F4FB46 /* imgoing.png in Resources */ = {isa = PBXBuildFile; fileRef = D4A99ED417849E9500F4FB46 /* imgoing.png */; };
		D4A99ED717849E9500F4FB46 /* imgoing@2x.png in Resources */ = {isa = PBXBuildFile; fileRef = D4A99ED517849E9500F4FB46 /* imgoing@2x.png */; };
		D4A99EDA1784EEC400F4FB46 /* feedback.png in Resources */ = {isa = PBXBuildFile; fileRef = D4A99ED81784EEC400F4FB46 /* feedback.png */; };
		D4A99EDB1784EEC400F4FB46 /* feedback@2x.png in Resources */ = {isa = PBXBuildFile; fileRef = D4A99ED91784EEC400F4FB46 /* feedback@2x.png */; };
		D4A99EDF178524F600F4FB46 /* ECFeedbackViewController.m in Sources */ = {isa = PBXBuildFile; fileRef = D4A99EDD178524F600F4FB46 /* ECFeedbackViewController.m */; };
		D4A99EE0178524F600F4FB46 /* ECFeedbackViewController.xib in Resources */ = {isa = PBXBuildFile; fileRef = D4A99EDE178524F600F4FB46 /* ECFeedbackViewController.xib */; };
		D4AA4CF31766B374009B0635 /* UIKit.framework in Frameworks */ = {isa = PBXBuildFile; fileRef = D4AA4CF21766B374009B0635 /* UIKit.framework */; };
		D4AA4CF51766B374009B0635 /* Foundation.framework in Frameworks */ = {isa = PBXBuildFile; fileRef = D4AA4CF41766B374009B0635 /* Foundation.framework */; };
		D4AA4CF71766B374009B0635 /* CoreGraphics.framework in Frameworks */ = {isa = PBXBuildFile; fileRef = D4AA4CF61766B374009B0635 /* CoreGraphics.framework */; };
		D4AA4CFD1766B374009B0635 /* InfoPlist.strings in Resources */ = {isa = PBXBuildFile; fileRef = D4AA4CFB1766B374009B0635 /* InfoPlist.strings */; };
		D4AA4CFF1766B374009B0635 /* main.m in Sources */ = {isa = PBXBuildFile; fileRef = D4AA4CFE1766B374009B0635 /* main.m */; };
		D4AA4D031766B374009B0635 /* ECAppDelegate.m in Sources */ = {isa = PBXBuildFile; fileRef = D4AA4D021766B374009B0635 /* ECAppDelegate.m */; };
		D4AA4D111766B374009B0635 /* SenTestingKit.framework in Frameworks */ = {isa = PBXBuildFile; fileRef = D4AA4D101766B374009B0635 /* SenTestingKit.framework */; };
		D4AA4D121766B374009B0635 /* UIKit.framework in Frameworks */ = {isa = PBXBuildFile; fileRef = D4AA4CF21766B374009B0635 /* UIKit.framework */; };
		D4AA4D131766B374009B0635 /* Foundation.framework in Frameworks */ = {isa = PBXBuildFile; fileRef = D4AA4CF41766B374009B0635 /* Foundation.framework */; };
		D4AA4D1B1766B374009B0635 /* InfoPlist.strings in Resources */ = {isa = PBXBuildFile; fileRef = D4AA4D191766B374009B0635 /* InfoPlist.strings */; };
		D4AA4D1E1766B374009B0635 /* EncoreTests.m in Sources */ = {isa = PBXBuildFile; fileRef = D4AA4D1D1766B374009B0635 /* EncoreTests.m */; };
		D4AA4D301766BA8C009B0635 /* ECLoginViewController.m in Sources */ = {isa = PBXBuildFile; fileRef = D4AA4D2E1766BA8C009B0635 /* ECLoginViewController.m */; };
		D4AA4D311766BA8C009B0635 /* ECLoginViewController.xib in Resources */ = {isa = PBXBuildFile; fileRef = D4AA4D2F1766BA8C009B0635 /* ECLoginViewController.xib */; };
		D4AA4D361766BB03009B0635 /* ECMainViewController.m in Sources */ = {isa = PBXBuildFile; fileRef = D4AA4D341766BB03009B0635 /* ECMainViewController.m */; };
		D4AA4D391766F3D0009B0635 /* Localizable.strings in Resources */ = {isa = PBXBuildFile; fileRef = D4AA4D381766F3D0009B0635 /* Localizable.strings */; };
		D4AA632F1780BBB1008111C6 /* logout.png in Resources */ = {isa = PBXBuildFile; fileRef = D4AA632D1780BBB1008111C6 /* logout.png */; };
		D4AA63301780BBB1008111C6 /* logout@2x.png in Resources */ = {isa = PBXBuildFile; fileRef = D4AA632E1780BBB1008111C6 /* logout@2x.png */; };
		D4AA9775177C9562008F4E31 /* 37x-Checkmark.png in Resources */ = {isa = PBXBuildFile; fileRef = D4AA9773177C9562008F4E31 /* 37x-Checkmark.png */; };
		D4AA9776177C9562008F4E31 /* 37x-Checkmark@2x.png in Resources */ = {isa = PBXBuildFile; fileRef = D4AA9774177C9562008F4E31 /* 37x-Checkmark@2x.png */; };
		D4AA9779177CF82A008F4E31 /* ECPostCollectionHeaderView.m in Sources */ = {isa = PBXBuildFile; fileRef = D4AA9778177CF82A008F4E31 /* ECPostCollectionHeaderView.m */; };
		D4AA977B177CFE2C008F4E31 /* ECPostCollectionHeaderView.xib in Resources */ = {isa = PBXBuildFile; fileRef = D4AA977A177CFE2C008F4E31 /* ECPostCollectionHeaderView.xib */; };
		D4AB1B0A178213FF002A29B9 /* UIFont+Encore.m in Sources */ = {isa = PBXBuildFile; fileRef = D4AB1B09178213FF002A29B9 /* UIFont+Encore.m */; };
		D4AB1B0D17827050002A29B9 /* flag.png in Resources */ = {isa = PBXBuildFile; fileRef = D4AB1B0B17827050002A29B9 /* flag.png */; };
		D4AB1B0E17827050002A29B9 /* flag@2x.png in Resources */ = {isa = PBXBuildFile; fileRef = D4AB1B0C17827050002A29B9 /* flag@2x.png */; };
		D4AB1B1517829413002A29B9 /* login1.png in Resources */ = {isa = PBXBuildFile; fileRef = D4AB1B0F17829412002A29B9 /* login1.png */; };
		D4AB1B1617829413002A29B9 /* login1@2x.png in Resources */ = {isa = PBXBuildFile; fileRef = D4AB1B1017829412002A29B9 /* login1@2x.png */; };
		D4AB1B1717829413002A29B9 /* login2.png in Resources */ = {isa = PBXBuildFile; fileRef = D4AB1B1117829412002A29B9 /* login2.png */; };
		D4AB1B1817829413002A29B9 /* login2@2x.png in Resources */ = {isa = PBXBuildFile; fileRef = D4AB1B1217829412002A29B9 /* login2@2x.png */; };
		D4AB1B1917829413002A29B9 /* login3.png in Resources */ = {isa = PBXBuildFile; fileRef = D4AB1B1317829412002A29B9 /* login3.png */; };
		D4AB1B1A17829413002A29B9 /* login3@2x.png in Resources */ = {isa = PBXBuildFile; fileRef = D4AB1B1417829413002A29B9 /* login3@2x.png */; };
		D4ABD2D9177DF09900DC691F /* Default.png in Resources */ = {isa = PBXBuildFile; fileRef = D4ABD2D8177DF09900DC691F /* Default.png */; };
		D4ABD2DB177DF09B00DC691F /* Default@2x.png in Resources */ = {isa = PBXBuildFile; fileRef = D4ABD2DA177DF09B00DC691F /* Default@2x.png */; };
		D4ABD2DD177DF09E00DC691F /* Default-568h@2x.png in Resources */ = {isa = PBXBuildFile; fileRef = D4ABD2DC177DF09E00DC691F /* Default-568h@2x.png */; };
		D4ABD2DF177E10D100DC691F /* liveNow.gif in Resources */ = {isa = PBXBuildFile; fileRef = D4ABD2DE177E10D100DC691F /* liveNow.gif */; };
		D4ABD2E6177E1E6E00DC691F /* Icon-Small.png in Resources */ = {isa = PBXBuildFile; fileRef = D4ABD2E4177E1E6E00DC691F /* Icon-Small.png */; };
		D4ABD2EB177E2C8900DC691F /* ECPictureViewController.m in Sources */ = {isa = PBXBuildFile; fileRef = D4ABD2E9177E2C8900DC691F /* ECPictureViewController.m */; };
		D4ABD2EC177E2C8900DC691F /* ECPictureViewController.xib in Resources */ = {isa = PBXBuildFile; fileRef = D4ABD2EA177E2C8900DC691F /* ECPictureViewController.xib */; };
		D4AC35F91768C5850087B1E9 /* NSDictionary+ConcertList.m in Sources */ = {isa = PBXBuildFile; fileRef = D4AC35F81768C5850087B1E9 /* NSDictionary+ConcertList.m */; };
		D4AC35FC1768C8B20087B1E9 /* ECJSONFetcher.m in Sources */ = {isa = PBXBuildFile; fileRef = D4AC35FB1768C8B20087B1E9 /* ECJSONFetcher.m */; };
		D4B0AC4717727FDA00DC4DD2 /* ECPostPlaceholder.xib in Resources */ = {isa = PBXBuildFile; fileRef = D4B0AC4617727FDA00DC4DD2 /* ECPostPlaceholder.xib */; };
		D4B1A247176E4C6900A95568 /* ECAddConcertViewController.m in Sources */ = {isa = PBXBuildFile; fileRef = D4B1A245176E4C6900A95568 /* ECAddConcertViewController.m */; };
		D4B1A248176E4C6900A95568 /* ECAddConcertViewController.xib in Resources */ = {isa = PBXBuildFile; fileRef = D4B1A246176E4C6900A95568 /* ECAddConcertViewController.xib */; };
		D4B6707A176F57E000A80BA3 /* ECTodayViewController.m in Sources */ = {isa = PBXBuildFile; fileRef = D4B67078176F57E000A80BA3 /* ECTodayViewController.m */; };
		D4B6707B176F57E000A80BA3 /* ECTodayViewController.xib in Resources */ = {isa = PBXBuildFile; fileRef = D4B67079176F57E000A80BA3 /* ECTodayViewController.xib */; };
		D4C9C085177A090800F864FC /* instagram.jpg in Resources */ = {isa = PBXBuildFile; fileRef = D4C9C084177A090800F864FC /* instagram.jpg */; };
		D4D4D7071783534A00DDDE4D /* ECTodayCellView.xib in Resources */ = {isa = PBXBuildFile; fileRef = D4D4D7061783534A00DDDE4D /* ECTodayCellView.xib */; };
/* End PBXBuildFile section */

/* Begin PBXContainerItemProxy section */
		D4AA4D141766B374009B0635 /* PBXContainerItemProxy */ = {
			isa = PBXContainerItemProxy;
			containerPortal = D4AA4CE71766B373009B0635 /* Project object */;
			proxyType = 1;
			remoteGlobalIDString = D4AA4CEE1766B374009B0635;
			remoteInfo = Encore;
		};
/* End PBXContainerItemProxy section */

/* Begin PBXFileReference section */
		918A85E0EEDE48F3BEFD223A /* libPods.a */ = {isa = PBXFileReference; explicitFileType = archive.ar; includeInIndex = 0; path = libPods.a; sourceTree = BUILT_PRODUCTS_DIR; };
		A00402BB177F4F7300B998CF /* ECProfileHeader.h */ = {isa = PBXFileReference; fileEncoding = 4; lastKnownFileType = sourcecode.c.h; path = ECProfileHeader.h; sourceTree = "<group>"; };
		A00402BC177F4F7300B998CF /* ECProfileHeader.m */ = {isa = PBXFileReference; fileEncoding = 4; lastKnownFileType = sourcecode.c.objc; path = ECProfileHeader.m; sourceTree = "<group>"; };
		A00402BE177F65F600B998CF /* loginButton.png */ = {isa = PBXFileReference; lastKnownFileType = image.png; path = loginButton.png; sourceTree = "<group>"; };
		A00402BF177F65F600B998CF /* loginButton@2x.png */ = {isa = PBXFileReference; lastKnownFileType = image.png; path = "loginButton@2x.png"; sourceTree = "<group>"; };
		A00402C2177F6B0900B998CF /* backButton.png */ = {isa = PBXFileReference; lastKnownFileType = image.png; path = backButton.png; sourceTree = "<group>"; };
		A00402C3177F6B0900B998CF /* backButton@2x.png */ = {isa = PBXFileReference; lastKnownFileType = image.png; path = "backButton@2x.png"; sourceTree = "<group>"; };
		A00402C6177F701500B998CF /* IWasThereButton.png */ = {isa = PBXFileReference; lastKnownFileType = image.png; path = IWasThereButton.png; sourceTree = "<group>"; };
		A00402C7177F701500B998CF /* IWasThereButton@2x.png */ = {isa = PBXFileReference; lastKnownFileType = image.png; path = "IWasThereButton@2x.png"; sourceTree = "<group>"; };
		A00402CA177F704B00B998CF /* postButton.png */ = {isa = PBXFileReference; lastKnownFileType = image.png; path = postButton.png; sourceTree = "<group>"; };
		A00402CB177F704B00B998CF /* postButton@2x.png */ = {isa = PBXFileReference; lastKnownFileType = image.png; path = "postButton@2x.png"; sourceTree = "<group>"; };
		A00402D0177F9E7600B998CF /* blueLocationMarker.png */ = {isa = PBXFileReference; lastKnownFileType = image.png; path = blueLocationMarker.png; sourceTree = "<group>"; };
		A00402D1177F9E7600B998CF /* blueLocationMarker@2x.png */ = {isa = PBXFileReference; lastKnownFileType = image.png; path = "blueLocationMarker@2x.png"; sourceTree = "<group>"; };
		A00402D4177F9E9700B998CF /* imgStubs.png */ = {isa = PBXFileReference; lastKnownFileType = image.png; path = imgStubs.png; sourceTree = "<group>"; };
		A00402D5177F9E9700B998CF /* imgStubs@2x.png */ = {isa = PBXFileReference; lastKnownFileType = image.png; path = "imgStubs@2x.png"; sourceTree = "<group>"; };
		A004FD901784A4A10003C564 /* imgoing.png */ = {isa = PBXFileReference; lastKnownFileType = image.png; path = imgoing.png; sourceTree = "<group>"; };
		A004FD911784A4A10003C564 /* imgoing@2x.png */ = {isa = PBXFileReference; lastKnownFileType = image.png; path = "imgoing@2x.png"; sourceTree = "<group>"; };
		A00A7F471784BD2A00839EFD /* ECFutureConcertViewController.h */ = {isa = PBXFileReference; fileEncoding = 4; lastKnownFileType = sourcecode.c.h; path = ECFutureConcertViewController.h; sourceTree = "<group>"; };
		A00A7F481784BD2A00839EFD /* ECFutureConcertViewController.m */ = {isa = PBXFileReference; fileEncoding = 4; lastKnownFileType = sourcecode.c.objc; path = ECFutureConcertViewController.m; sourceTree = "<group>"; };
		A00A7F491784BD2A00839EFD /* ECFutureConcertViewController.xib */ = {isa = PBXFileReference; fileEncoding = 4; lastKnownFileType = file.xib; path = ECFutureConcertViewController.xib; sourceTree = "<group>"; };
		A022AAA0177605900009244C /* Hero Light.otf */ = {isa = PBXFileReference; lastKnownFileType = file; path = "Hero Light.otf"; sourceTree = "<group>"; };
		A022AAA1177605900009244C /* Hero.otf */ = {isa = PBXFileReference; lastKnownFileType = file; path = Hero.otf; sourceTree = "<group>"; };
		A022AAA417779BB50009244C /* ECConcertCellView.h */ = {isa = PBXFileReference; fileEncoding = 4; lastKnownFileType = sourcecode.c.h; path = ECConcertCellView.h; sourceTree = "<group>"; };
		A022AAA517779BB50009244C /* ECConcertCellView.m */ = {isa = PBXFileReference; fileEncoding = 4; lastKnownFileType = sourcecode.c.objc; path = ECConcertCellView.m; sourceTree = "<group>"; };
		A022AAA717779BDF0009244C /* ECConcertCellView.xib */ = {isa = PBXFileReference; fileEncoding = 4; lastKnownFileType = file.xib; path = ECConcertCellView.xib; sourceTree = "<group>"; };
		A022AAAD1777C44A0009244C /* navbar.png */ = {isa = PBXFileReference; lastKnownFileType = image.png; path = navbar.png; sourceTree = "<group>"; };
		A022AAAE1777C44A0009244C /* navbar@2x.png */ = {isa = PBXFileReference; lastKnownFileType = image.png; path = "navbar@2x.png"; sourceTree = "<group>"; };
		A022AAB31777DB240009244C /* ECCustomSearchBar.h */ = {isa = PBXFileReference; fileEncoding = 4; lastKnownFileType = sourcecode.c.h; path = ECCustomSearchBar.h; sourceTree = "<group>"; };
		A022AAB41777DB240009244C /* ECCustomSearchBar.m */ = {isa = PBXFileReference; fileEncoding = 4; lastKnownFileType = sourcecode.c.objc; path = ECCustomSearchBar.m; sourceTree = "<group>"; };
		A022AAB61778D8D60009244C /* LiveIndicator.png */ = {isa = PBXFileReference; lastKnownFileType = image.png; path = LiveIndicator.png; sourceTree = "<group>"; };
		A022AAB81778E8240009244C /* sampleArtistImage.jpg */ = {isa = PBXFileReference; lastKnownFileType = image.jpeg; path = sampleArtistImage.jpg; sourceTree = "<group>"; };
		A022AABD1779E8380009244C /* UIImage+GaussBlur.h */ = {isa = PBXFileReference; fileEncoding = 4; lastKnownFileType = sourcecode.c.h; path = "UIImage+GaussBlur.h"; sourceTree = "<group>"; };
		A022AABE1779E8380009244C /* UIImage+GaussBlur.m */ = {isa = PBXFileReference; fileEncoding = 4; lastKnownFileType = sourcecode.c.objc; path = "UIImage+GaussBlur.m"; sourceTree = "<group>"; };
		A022AAC0177A35B30009244C /* locationmarker.png */ = {isa = PBXFileReference; lastKnownFileType = image.png; path = locationmarker.png; sourceTree = "<group>"; };
		A022AAC1177A35B30009244C /* locationmarker@2x.png */ = {isa = PBXFileReference; lastKnownFileType = image.png; path = "locationmarker@2x.png"; sourceTree = "<group>"; };
		A022AAC2177A35B30009244C /* locationmarkergrey.png */ = {isa = PBXFileReference; lastKnownFileType = image.png; path = locationmarkergrey.png; sourceTree = "<group>"; };
		A022AAC3177A35B30009244C /* locationmarkergrey@2x.png */ = {isa = PBXFileReference; lastKnownFileType = image.png; path = "locationmarkergrey@2x.png"; sourceTree = "<group>"; };
		A022AACC177A38C90009244C /* magnifyglass@2x.png */ = {isa = PBXFileReference; lastKnownFileType = image.png; path = "magnifyglass@2x.png"; sourceTree = "<group>"; };
		A022AACE177A39B00009244C /* magnifyglass.png */ = {isa = PBXFileReference; lastKnownFileType = image.png; path = magnifyglass.png; sourceTree = "<group>"; };
		A04C4332176F85F9003B4299 /* CoreLocation.framework */ = {isa = PBXFileReference; lastKnownFileType = wrapper.framework; name = CoreLocation.framework; path = System/Library/Frameworks/CoreLocation.framework; sourceTree = SDKROOT; };
		A0848C0A176D1F0D009BBB38 /* ECLoginPageView.xib */ = {isa = PBXFileReference; fileEncoding = 4; lastKnownFileType = file.xib; path = ECLoginPageView.xib; sourceTree = "<group>"; };
		A0848C0F176D25D5009BBB38 /* ECLoginPageView.h */ = {isa = PBXFileReference; fileEncoding = 4; lastKnownFileType = sourcecode.c.h; path = ECLoginPageView.h; sourceTree = "<group>"; };
		A0848C10176D25D5009BBB38 /* ECLoginPageView.m */ = {isa = PBXFileReference; fileEncoding = 4; lastKnownFileType = sourcecode.c.objc; path = ECLoginPageView.m; sourceTree = "<group>"; };
		A0A2B0BB177B324F00518B6C /* profileButton.png */ = {isa = PBXFileReference; lastKnownFileType = image.png; path = profileButton.png; sourceTree = "<group>"; };
		A0A2B0BD177B381F00518B6C /* profileButton@2x.png */ = {isa = PBXFileReference; lastKnownFileType = image.png; path = "profileButton@2x.png"; sourceTree = "<group>"; };
		A0A2B0C4177B867F00518B6C /* NSMutableDictionary+ConcertImages.h */ = {isa = PBXFileReference; fileEncoding = 4; lastKnownFileType = sourcecode.c.h; path = "NSMutableDictionary+ConcertImages.h"; sourceTree = "<group>"; };
		A0A2B0C5177B867F00518B6C /* NSMutableDictionary+ConcertImages.m */ = {isa = PBXFileReference; fileEncoding = 4; lastKnownFileType = sourcecode.c.objc; path = "NSMutableDictionary+ConcertImages.m"; sourceTree = "<group>"; };
		A0A2B0CB177CE82700518B6C /* songkick.png */ = {isa = PBXFileReference; lastKnownFileType = image.png; path = songkick.png; sourceTree = "<group>"; };
		A0A2B0CC177CE82700518B6C /* songkick@2x.png */ = {isa = PBXFileReference; lastKnownFileType = image.png; path = "songkick@2x.png"; sourceTree = "<group>"; };
		A0A2B0D3177E1E7100518B6C /* shareButton.png */ = {isa = PBXFileReference; lastKnownFileType = image.png; path = shareButton.png; sourceTree = "<group>"; };
		A0A2B0D4177E1E7100518B6C /* shareButton@2x.png */ = {isa = PBXFileReference; lastKnownFileType = image.png; path = "shareButton@2x.png"; sourceTree = "<group>"; };
		A0A2B0D7177E333900518B6C /* ECProfileViewController.h */ = {isa = PBXFileReference; fileEncoding = 4; lastKnownFileType = sourcecode.c.h; path = ECProfileViewController.h; sourceTree = "<group>"; };
		A0A2B0D8177E333900518B6C /* ECProfileViewController.m */ = {isa = PBXFileReference; fileEncoding = 4; lastKnownFileType = sourcecode.c.objc; path = ECProfileViewController.m; sourceTree = "<group>"; };
		A0A2B0D9177E333900518B6C /* ECProfileViewController.xib */ = {isa = PBXFileReference; fileEncoding = 4; lastKnownFileType = file.xib; path = ECProfileViewController.xib; sourceTree = "<group>"; };
		A0A2B0DC177E3B5A00518B6C /* ECProfileHeader.xib */ = {isa = PBXFileReference; fileEncoding = 4; lastKnownFileType = file.xib; path = ECProfileHeader.xib; sourceTree = "<group>"; };
		A0FF1C52176CC88000433768 /* LoginInfoPages.plist */ = {isa = PBXFileReference; fileEncoding = 4; lastKnownFileType = text.plist.xml; path = LoginInfoPages.plist; sourceTree = "<group>"; };
		B56B831D22E04C90BC664348 /* Pods.xcconfig */ = {isa = PBXFileReference; includeInIndex = 1; lastKnownFileType = text.xcconfig; name = Pods.xcconfig; path = Pods/Pods.xcconfig; sourceTree = SOURCE_ROOT; };
		D428A4591781085500101F12 /* UIColor+EncoreUI.h */ = {isa = PBXFileReference; fileEncoding = 4; lastKnownFileType = sourcecode.c.h; path = "UIColor+EncoreUI.h"; sourceTree = "<group>"; };
		D428A45A1781085500101F12 /* UIColor+EncoreUI.m */ = {isa = PBXFileReference; fileEncoding = 4; lastKnownFileType = sourcecode.c.objc; path = "UIColor+EncoreUI.m"; sourceTree = "<group>"; };
		D428A45D17811F4A00101F12 /* removebutton.png */ = {isa = PBXFileReference; lastKnownFileType = image.png; path = removebutton.png; sourceTree = "<group>"; };
		D428A45E17811F4A00101F12 /* removebutton@2x.png */ = {isa = PBXFileReference; lastKnownFileType = image.png; path = "removebutton@2x.png"; sourceTree = "<group>"; };
		D43ACD7D176D2BA400E2282A /* ECCellType.h */ = {isa = PBXFileReference; fileEncoding = 4; lastKnownFileType = sourcecode.c.h; path = ECCellType.h; sourceTree = "<group>"; };
		D43ACD7E176D2EA700E2282A /* ECCellType.m */ = {isa = PBXFileReference; fileEncoding = 4; lastKnownFileType = sourcecode.c.objc; path = ECCellType.m; sourceTree = "<group>"; };
		D43ACD80176D3B7F00E2282A /* ECEndCellView.xib */ = {isa = PBXFileReference; fileEncoding = 4; lastKnownFileType = file.xib; path = ECEndCellView.xib; sourceTree = "<group>"; };
		D43ACD82176D3BF400E2282A /* ECEndCellView.h */ = {isa = PBXFileReference; fileEncoding = 4; lastKnownFileType = sourcecode.c.h; path = ECEndCellView.h; sourceTree = "<group>"; };
		D43ACD83176D3BF400E2282A /* ECEndCellView.m */ = {isa = PBXFileReference; fileEncoding = 4; lastKnownFileType = sourcecode.c.objc; path = ECEndCellView.m; sourceTree = "<group>"; };
		D45DBD5C1783C57D000ED3C1 /* Icon@2x.png */ = {isa = PBXFileReference; lastKnownFileType = image.png; path = "Icon@2x.png"; sourceTree = "<group>"; };
		D45DBD5E1783C5C5000ED3C1 /* Icon-Small@2x.png */ = {isa = PBXFileReference; lastKnownFileType = image.png; path = "Icon-Small@2x.png"; sourceTree = "<group>"; };
		D45DBD601783C5DF000ED3C1 /* Icon.png */ = {isa = PBXFileReference; lastKnownFileType = image.png; path = Icon.png; sourceTree = "<group>"; };
		D4A22251176B7FC1005AB205 /* KLHorizontalSelect.h */ = {isa = PBXFileReference; fileEncoding = 4; lastKnownFileType = sourcecode.c.h; path = KLHorizontalSelect.h; sourceTree = "<group>"; };
		D4A22252176B7FC1005AB205 /* KLHorizontalSelect.m */ = {isa = PBXFileReference; fileEncoding = 4; lastKnownFileType = sourcecode.c.objc; path = KLHorizontalSelect.m; sourceTree = "<group>"; };
		D4A2F6CC176959BD00A9E3BF /* ECMainViewController.xib */ = {isa = PBXFileReference; fileEncoding = 4; lastKnownFileType = file.xib; path = ECMainViewController.xib; sourceTree = "<group>"; };
		D4A4D812176CC81600EFCBF7 /* ECHorizontalCellView.xib */ = {isa = PBXFileReference; fileEncoding = 4; lastKnownFileType = file.xib; path = ECHorizontalCellView.xib; sourceTree = "<group>"; };
		D4A4D814176CC9A900EFCBF7 /* ECHorizontalCellView.h */ = {isa = PBXFileReference; fileEncoding = 4; lastKnownFileType = sourcecode.c.h; path = ECHorizontalCellView.h; sourceTree = "<group>"; };
		D4A4D815176CC9AA00EFCBF7 /* ECHorizontalCellView.m */ = {isa = PBXFileReference; fileEncoding = 4; lastKnownFileType = sourcecode.c.objc; path = ECHorizontalCellView.m; sourceTree = "<group>"; };
		D4A7BEA6177B2F3B00C22D91 /* UIImage+Orientation.h */ = {isa = PBXFileReference; fileEncoding = 4; lastKnownFileType = sourcecode.c.h; path = "UIImage+Orientation.h"; sourceTree = "<group>"; };
		D4A7BEA7177B2F3B00C22D91 /* UIImage+Orientation.m */ = {isa = PBXFileReference; fileEncoding = 4; lastKnownFileType = sourcecode.c.objc; path = "UIImage+Orientation.m"; sourceTree = "<group>"; };
		D4A7BEA9177B713400C22D91 /* EncoreURL.h */ = {isa = PBXFileReference; fileEncoding = 4; lastKnownFileType = sourcecode.c.h; path = EncoreURL.h; sourceTree = "<group>"; };
		D4A7BEAA177B731F00C22D91 /* Staging.h */ = {isa = PBXFileReference; fileEncoding = 4; lastKnownFileType = sourcecode.c.h; path = Staging.h; sourceTree = "<group>"; };
		D4A7BEAB177BFF3700C22D91 /* ECSearchType.h */ = {isa = PBXFileReference; fileEncoding = 4; lastKnownFileType = sourcecode.c.h; path = ECSearchType.h; sourceTree = "<group>"; };
		D4A8DDAB176A133B005E9847 /* NSDictionary+Posts.h */ = {isa = PBXFileReference; fileEncoding = 4; lastKnownFileType = sourcecode.c.h; path = "NSDictionary+Posts.h"; sourceTree = "<group>"; };
		D4A8DDAC176A133B005E9847 /* NSDictionary+Posts.m */ = {isa = PBXFileReference; fileEncoding = 4; lastKnownFileType = sourcecode.c.objc; path = "NSDictionary+Posts.m"; sourceTree = "<group>"; };
		D4A8DDAD176A133B005E9847 /* ECConcertDetailViewController.m */ = {isa = PBXFileReference; fileEncoding = 4; lastKnownFileType = sourcecode.c.objc; path = ECConcertDetailViewController.m; sourceTree = "<group>"; };
		D4A8DDAE176A133B005E9847 /* ECConcertDetailViewController.h */ = {isa = PBXFileReference; fileEncoding = 4; lastKnownFileType = sourcecode.c.h; path = ECConcertDetailViewController.h; sourceTree = "<group>"; };
		D4A8DDAF176A133B005E9847 /* Cell.m */ = {isa = PBXFileReference; fileEncoding = 4; lastKnownFileType = sourcecode.c.objc; path = Cell.m; sourceTree = "<group>"; };
		D4A8DDB0176A133B005E9847 /* Cell.h */ = {isa = PBXFileReference; fileEncoding = 4; lastKnownFileType = sourcecode.c.h; path = Cell.h; sourceTree = "<group>"; };
		D4A8DDB1176A133B005E9847 /* ECConcertDetailViewController.xib */ = {isa = PBXFileReference; fileEncoding = 4; lastKnownFileType = file.xib; path = ECConcertDetailViewController.xib; sourceTree = "<group>"; };
		D4A8DDB4176A133B005E9847 /* en */ = {isa = PBXFileReference; lastKnownFileType = text.plist.strings; name = en; path = InfoPlist.strings; sourceTree = "<group>"; };
		D4A8DDB5176A133B005E9847 /* ECCollectionCell.xib */ = {isa = PBXFileReference; fileEncoding = 4; lastKnownFileType = file.xib; path = ECCollectionCell.xib; sourceTree = "<group>"; };
		D4A8DDB6176A133B005E9847 /* CustomCellBackground.h */ = {isa = PBXFileReference; fileEncoding = 4; lastKnownFileType = sourcecode.c.h; path = CustomCellBackground.h; sourceTree = "<group>"; };
		D4A8DDB7176A133B005E9847 /* CustomCellBackground.m */ = {isa = PBXFileReference; fileEncoding = 4; lastKnownFileType = sourcecode.c.objc; path = CustomCellBackground.m; sourceTree = "<group>"; };
		D4A8DDC2176A20D2005E9847 /* ECJSONPoster.h */ = {isa = PBXFileReference; fileEncoding = 4; lastKnownFileType = sourcecode.c.h; path = ECJSONPoster.h; sourceTree = "<group>"; };
		D4A8DDC3176A20D2005E9847 /* ECJSONPoster.m */ = {isa = PBXFileReference; fileEncoding = 4; lastKnownFileType = sourcecode.c.objc; path = ECJSONPoster.m; sourceTree = "<group>"; };
		D4A8DDC8176A39B9005E9847 /* NSDate+JSON.h */ = {isa = PBXFileReference; fileEncoding = 4; lastKnownFileType = sourcecode.c.h; path = "NSDate+JSON.h"; sourceTree = "<group>"; };
		D4A8DDC9176A39B9005E9847 /* NSDate+JSON.m */ = {isa = PBXFileReference; fileEncoding = 4; lastKnownFileType = sourcecode.c.objc; path = "NSDate+JSON.m"; sourceTree = "<group>"; };
		D4A8DDCB176A405D005E9847 /* ECPostViewController.h */ = {isa = PBXFileReference; fileEncoding = 4; lastKnownFileType = sourcecode.c.h; path = ECPostViewController.h; sourceTree = "<group>"; };
		D4A8DDCC176A405D005E9847 /* ECPostViewController.m */ = {isa = PBXFileReference; fileEncoding = 4; lastKnownFileType = sourcecode.c.objc; path = ECPostViewController.m; sourceTree = "<group>"; };
		D4A8DDCD176A405D005E9847 /* ECPostViewController.xib */ = {isa = PBXFileReference; fileEncoding = 4; lastKnownFileType = file.xib; path = ECPostViewController.xib; sourceTree = "<group>"; };
		D4A8DDD2176A8885005E9847 /* placeholder.jpg */ = {isa = PBXFileReference; lastKnownFileType = image.jpeg; path = placeholder.jpg; sourceTree = "<group>"; };
		D4A8DDD4176AAA98005E9847 /* QuartzCore.framework */ = {isa = PBXFileReference; lastKnownFileType = wrapper.framework; name = QuartzCore.framework; path = System/Library/Frameworks/QuartzCore.framework; sourceTree = SDKROOT; };
		D4A8DDD9176AB650005E9847 /* gray_gradient_background.png */ = {isa = PBXFileReference; lastKnownFileType = image.png; path = gray_gradient_background.png; sourceTree = "<group>"; };
		D4A8DDDA176AB650005E9847 /* gray_gradient_background@2x.png */ = {isa = PBXFileReference; lastKnownFileType = image.png; path = "gray_gradient_background@2x.png"; sourceTree = "<group>"; };
		D4A8DDDB176AB650005E9847 /* home_background.jpg */ = {isa = PBXFileReference; lastKnownFileType = image.jpeg; path = home_background.jpg; sourceTree = "<group>"; };
		D4A8DDDC176AB650005E9847 /* home_background@2x.jpg */ = {isa = PBXFileReference; lastKnownFileType = image.jpeg; path = "home_background@2x.jpg"; sourceTree = "<group>"; };
		D4A99ED417849E9500F4FB46 /* imgoing.png */ = {isa = PBXFileReference; lastKnownFileType = image.png; path = imgoing.png; sourceTree = "<group>"; };
		D4A99ED517849E9500F4FB46 /* imgoing@2x.png */ = {isa = PBXFileReference; lastKnownFileType = image.png; path = "imgoing@2x.png"; sourceTree = "<group>"; };
		D4A99ED81784EEC400F4FB46 /* feedback.png */ = {isa = PBXFileReference; lastKnownFileType = image.png; path = feedback.png; sourceTree = "<group>"; };
		D4A99ED91784EEC400F4FB46 /* feedback@2x.png */ = {isa = PBXFileReference; lastKnownFileType = image.png; path = "feedback@2x.png"; sourceTree = "<group>"; };
		D4A99EDC178524F600F4FB46 /* ECFeedbackViewController.h */ = {isa = PBXFileReference; fileEncoding = 4; lastKnownFileType = sourcecode.c.h; path = ECFeedbackViewController.h; sourceTree = "<group>"; };
		D4A99EDD178524F600F4FB46 /* ECFeedbackViewController.m */ = {isa = PBXFileReference; fileEncoding = 4; lastKnownFileType = sourcecode.c.objc; path = ECFeedbackViewController.m; sourceTree = "<group>"; };
		D4A99EDE178524F600F4FB46 /* ECFeedbackViewController.xib */ = {isa = PBXFileReference; fileEncoding = 4; lastKnownFileType = file.xib; path = ECFeedbackViewController.xib; sourceTree = "<group>"; };
		D4AA4CEF1766B374009B0635 /* Encore.app */ = {isa = PBXFileReference; explicitFileType = wrapper.application; includeInIndex = 0; path = Encore.app; sourceTree = BUILT_PRODUCTS_DIR; };
		D4AA4CF21766B374009B0635 /* UIKit.framework */ = {isa = PBXFileReference; lastKnownFileType = wrapper.framework; name = UIKit.framework; path = System/Library/Frameworks/UIKit.framework; sourceTree = SDKROOT; };
		D4AA4CF41766B374009B0635 /* Foundation.framework */ = {isa = PBXFileReference; lastKnownFileType = wrapper.framework; name = Foundation.framework; path = System/Library/Frameworks/Foundation.framework; sourceTree = SDKROOT; };
		D4AA4CF61766B374009B0635 /* CoreGraphics.framework */ = {isa = PBXFileReference; lastKnownFileType = wrapper.framework; name = CoreGraphics.framework; path = System/Library/Frameworks/CoreGraphics.framework; sourceTree = SDKROOT; };
		D4AA4CFA1766B374009B0635 /* Encore-Info.plist */ = {isa = PBXFileReference; lastKnownFileType = text.plist.xml; path = "Encore-Info.plist"; sourceTree = "<group>"; };
		D4AA4CFC1766B374009B0635 /* en */ = {isa = PBXFileReference; lastKnownFileType = text.plist.strings; name = en; path = en.lproj/InfoPlist.strings; sourceTree = "<group>"; };
		D4AA4CFE1766B374009B0635 /* main.m */ = {isa = PBXFileReference; lastKnownFileType = sourcecode.c.objc; path = main.m; sourceTree = "<group>"; };
		D4AA4D001766B374009B0635 /* Encore-Prefix.pch */ = {isa = PBXFileReference; lastKnownFileType = sourcecode.c.h; path = "Encore-Prefix.pch"; sourceTree = "<group>"; };
		D4AA4D011766B374009B0635 /* ECAppDelegate.h */ = {isa = PBXFileReference; lastKnownFileType = sourcecode.c.h; path = ECAppDelegate.h; sourceTree = "<group>"; };
		D4AA4D021766B374009B0635 /* ECAppDelegate.m */ = {isa = PBXFileReference; lastKnownFileType = sourcecode.c.objc; path = ECAppDelegate.m; sourceTree = "<group>"; };
		D4AA4D041766B374009B0635 /* Default.png */ = {isa = PBXFileReference; lastKnownFileType = image.png; path = Default.png; sourceTree = "<group>"; };
		D4AA4D061766B374009B0635 /* Default@2x.png */ = {isa = PBXFileReference; lastKnownFileType = image.png; path = "Default@2x.png"; sourceTree = "<group>"; };
		D4AA4D081766B374009B0635 /* Default-568h@2x.png */ = {isa = PBXFileReference; lastKnownFileType = image.png; path = "Default-568h@2x.png"; sourceTree = "<group>"; };
		D4AA4D0F1766B374009B0635 /* EncoreTests.octest */ = {isa = PBXFileReference; explicitFileType = wrapper.cfbundle; includeInIndex = 0; path = EncoreTests.octest; sourceTree = BUILT_PRODUCTS_DIR; };
		D4AA4D101766B374009B0635 /* SenTestingKit.framework */ = {isa = PBXFileReference; lastKnownFileType = wrapper.framework; name = SenTestingKit.framework; path = Library/Frameworks/SenTestingKit.framework; sourceTree = DEVELOPER_DIR; };
		D4AA4D181766B374009B0635 /* EncoreTests-Info.plist */ = {isa = PBXFileReference; lastKnownFileType = text.plist.xml; path = "EncoreTests-Info.plist"; sourceTree = "<group>"; };
		D4AA4D1A1766B374009B0635 /* en */ = {isa = PBXFileReference; lastKnownFileType = text.plist.strings; name = en; path = en.lproj/InfoPlist.strings; sourceTree = "<group>"; };
		D4AA4D1C1766B374009B0635 /* EncoreTests.h */ = {isa = PBXFileReference; lastKnownFileType = sourcecode.c.h; path = EncoreTests.h; sourceTree = "<group>"; };
		D4AA4D1D1766B374009B0635 /* EncoreTests.m */ = {isa = PBXFileReference; lastKnownFileType = sourcecode.c.objc; path = EncoreTests.m; sourceTree = "<group>"; };
		D4AA4D2D1766BA8C009B0635 /* ECLoginViewController.h */ = {isa = PBXFileReference; fileEncoding = 4; lastKnownFileType = sourcecode.c.h; path = ECLoginViewController.h; sourceTree = "<group>"; };
		D4AA4D2E1766BA8C009B0635 /* ECLoginViewController.m */ = {isa = PBXFileReference; fileEncoding = 4; lastKnownFileType = sourcecode.c.objc; path = ECLoginViewController.m; sourceTree = "<group>"; };
		D4AA4D2F1766BA8C009B0635 /* ECLoginViewController.xib */ = {isa = PBXFileReference; fileEncoding = 4; lastKnownFileType = file.xib; path = ECLoginViewController.xib; sourceTree = "<group>"; };
		D4AA4D331766BB03009B0635 /* ECMainViewController.h */ = {isa = PBXFileReference; fileEncoding = 4; lastKnownFileType = sourcecode.c.h; path = ECMainViewController.h; sourceTree = "<group>"; };
		D4AA4D341766BB03009B0635 /* ECMainViewController.m */ = {isa = PBXFileReference; fileEncoding = 4; lastKnownFileType = sourcecode.c.objc; path = ECMainViewController.m; sourceTree = "<group>"; };
		D4AA4D381766F3D0009B0635 /* Localizable.strings */ = {isa = PBXFileReference; fileEncoding = 4; lastKnownFileType = text.plist.strings; path = Localizable.strings; sourceTree = "<group>"; };
		D4AA632D1780BBB1008111C6 /* logout.png */ = {isa = PBXFileReference; lastKnownFileType = image.png; path = logout.png; sourceTree = "<group>"; };
		D4AA632E1780BBB1008111C6 /* logout@2x.png */ = {isa = PBXFileReference; lastKnownFileType = image.png; path = "logout@2x.png"; sourceTree = "<group>"; };
		D4AA9773177C9562008F4E31 /* 37x-Checkmark.png */ = {isa = PBXFileReference; lastKnownFileType = image.png; path = "37x-Checkmark.png"; sourceTree = "<group>"; };
		D4AA9774177C9562008F4E31 /* 37x-Checkmark@2x.png */ = {isa = PBXFileReference; lastKnownFileType = image.png; path = "37x-Checkmark@2x.png"; sourceTree = "<group>"; };
		D4AA9777177CF82A008F4E31 /* ECPostCollectionHeaderView.h */ = {isa = PBXFileReference; fileEncoding = 4; lastKnownFileType = sourcecode.c.h; path = ECPostCollectionHeaderView.h; sourceTree = "<group>"; };
		D4AA9778177CF82A008F4E31 /* ECPostCollectionHeaderView.m */ = {isa = PBXFileReference; fileEncoding = 4; lastKnownFileType = sourcecode.c.objc; path = ECPostCollectionHeaderView.m; sourceTree = "<group>"; };
		D4AA977A177CFE2C008F4E31 /* ECPostCollectionHeaderView.xib */ = {isa = PBXFileReference; fileEncoding = 4; lastKnownFileType = file.xib; path = ECPostCollectionHeaderView.xib; sourceTree = "<group>"; };
		D4AB1B08178213FF002A29B9 /* UIFont+Encore.h */ = {isa = PBXFileReference; fileEncoding = 4; lastKnownFileType = sourcecode.c.h; path = "UIFont+Encore.h"; sourceTree = "<group>"; };
		D4AB1B09178213FF002A29B9 /* UIFont+Encore.m */ = {isa = PBXFileReference; fileEncoding = 4; lastKnownFileType = sourcecode.c.objc; path = "UIFont+Encore.m"; sourceTree = "<group>"; };
		D4AB1B0B17827050002A29B9 /* flag.png */ = {isa = PBXFileReference; lastKnownFileType = image.png; path = flag.png; sourceTree = "<group>"; };
		D4AB1B0C17827050002A29B9 /* flag@2x.png */ = {isa = PBXFileReference; lastKnownFileType = image.png; path = "flag@2x.png"; sourceTree = "<group>"; };
		D4AB1B0F17829412002A29B9 /* login1.png */ = {isa = PBXFileReference; lastKnownFileType = image.png; path = login1.png; sourceTree = "<group>"; };
		D4AB1B1017829412002A29B9 /* login1@2x.png */ = {isa = PBXFileReference; lastKnownFileType = image.png; path = "login1@2x.png"; sourceTree = "<group>"; };
		D4AB1B1117829412002A29B9 /* login2.png */ = {isa = PBXFileReference; lastKnownFileType = image.png; path = login2.png; sourceTree = "<group>"; };
		D4AB1B1217829412002A29B9 /* login2@2x.png */ = {isa = PBXFileReference; lastKnownFileType = image.png; path = "login2@2x.png"; sourceTree = "<group>"; };
		D4AB1B1317829412002A29B9 /* login3.png */ = {isa = PBXFileReference; lastKnownFileType = image.png; path = login3.png; sourceTree = "<group>"; };
		D4AB1B1417829413002A29B9 /* login3@2x.png */ = {isa = PBXFileReference; lastKnownFileType = image.png; path = "login3@2x.png"; sourceTree = "<group>"; };
		D4ABD2D8177DF09900DC691F /* Default.png */ = {isa = PBXFileReference; lastKnownFileType = image.png; name = Default.png; path = ../Default.png; sourceTree = "<group>"; };
		D4ABD2DA177DF09B00DC691F /* Default@2x.png */ = {isa = PBXFileReference; lastKnownFileType = image.png; name = "Default@2x.png"; path = "../Default@2x.png"; sourceTree = "<group>"; };
		D4ABD2DC177DF09E00DC691F /* Default-568h@2x.png */ = {isa = PBXFileReference; lastKnownFileType = image.png; name = "Default-568h@2x.png"; path = "../Default-568h@2x.png"; sourceTree = "<group>"; };
		D4ABD2DE177E10D100DC691F /* liveNow.gif */ = {isa = PBXFileReference; lastKnownFileType = image.gif; path = liveNow.gif; sourceTree = "<group>"; };
		D4ABD2E4177E1E6E00DC691F /* Icon-Small.png */ = {isa = PBXFileReference; lastKnownFileType = image.png; path = "Icon-Small.png"; sourceTree = "<group>"; };
		D4ABD2E8177E2C8800DC691F /* ECPictureViewController.h */ = {isa = PBXFileReference; fileEncoding = 4; lastKnownFileType = sourcecode.c.h; path = ECPictureViewController.h; sourceTree = "<group>"; };
		D4ABD2E9177E2C8900DC691F /* ECPictureViewController.m */ = {isa = PBXFileReference; fileEncoding = 4; lastKnownFileType = sourcecode.c.objc; path = ECPictureViewController.m; sourceTree = "<group>"; };
		D4ABD2EA177E2C8900DC691F /* ECPictureViewController.xib */ = {isa = PBXFileReference; fileEncoding = 4; lastKnownFileType = file.xib; path = ECPictureViewController.xib; sourceTree = "<group>"; };
		D4AC35F71768C5850087B1E9 /* NSDictionary+ConcertList.h */ = {isa = PBXFileReference; fileEncoding = 4; lastKnownFileType = sourcecode.c.h; path = "NSDictionary+ConcertList.h"; sourceTree = "<group>"; };
		D4AC35F81768C5850087B1E9 /* NSDictionary+ConcertList.m */ = {isa = PBXFileReference; fileEncoding = 4; lastKnownFileType = sourcecode.c.objc; path = "NSDictionary+ConcertList.m"; sourceTree = "<group>"; };
		D4AC35FA1768C8B20087B1E9 /* ECJSONFetcher.h */ = {isa = PBXFileReference; fileEncoding = 4; lastKnownFileType = sourcecode.c.h; path = ECJSONFetcher.h; sourceTree = "<group>"; };
		D4AC35FB1768C8B20087B1E9 /* ECJSONFetcher.m */ = {isa = PBXFileReference; fileEncoding = 4; lastKnownFileType = sourcecode.c.objc; path = ECJSONFetcher.m; sourceTree = "<group>"; };
		D4B0AC4617727FDA00DC4DD2 /* ECPostPlaceholder.xib */ = {isa = PBXFileReference; fileEncoding = 4; lastKnownFileType = file.xib; path = ECPostPlaceholder.xib; sourceTree = "<group>"; };
		D4B1A244176E4C6800A95568 /* ECAddConcertViewController.h */ = {isa = PBXFileReference; fileEncoding = 4; lastKnownFileType = sourcecode.c.h; path = ECAddConcertViewController.h; sourceTree = "<group>"; };
		D4B1A245176E4C6900A95568 /* ECAddConcertViewController.m */ = {isa = PBXFileReference; fileEncoding = 4; lastKnownFileType = sourcecode.c.objc; path = ECAddConcertViewController.m; sourceTree = "<group>"; };
		D4B1A246176E4C6900A95568 /* ECAddConcertViewController.xib */ = {isa = PBXFileReference; fileEncoding = 4; lastKnownFileType = file.xib; path = ECAddConcertViewController.xib; sourceTree = "<group>"; };
		D4B67077176F57E000A80BA3 /* ECTodayViewController.h */ = {isa = PBXFileReference; fileEncoding = 4; lastKnownFileType = sourcecode.c.h; path = ECTodayViewController.h; sourceTree = "<group>"; };
		D4B67078176F57E000A80BA3 /* ECTodayViewController.m */ = {isa = PBXFileReference; fileEncoding = 4; lastKnownFileType = sourcecode.c.objc; path = ECTodayViewController.m; sourceTree = "<group>"; };
		D4B67079176F57E000A80BA3 /* ECTodayViewController.xib */ = {isa = PBXFileReference; fileEncoding = 4; lastKnownFileType = file.xib; path = ECTodayViewController.xib; sourceTree = "<group>"; };
		D4C9C084177A090800F864FC /* instagram.jpg */ = {isa = PBXFileReference; lastKnownFileType = image.jpeg; path = instagram.jpg; sourceTree = "<group>"; };
		D4D4D7061783534A00DDDE4D /* ECTodayCellView.xib */ = {isa = PBXFileReference; fileEncoding = 4; lastKnownFileType = file.xib; path = ECTodayCellView.xib; sourceTree = "<group>"; };
/* End PBXFileReference section */

/* Begin PBXFrameworksBuildPhase section */
		D4AA4CEC1766B374009B0635 /* Frameworks */ = {
			isa = PBXFrameworksBuildPhase;
			buildActionMask = 2147483647;
			files = (
				A04C4333176F85F9003B4299 /* CoreLocation.framework in Frameworks */,
				D4A8DDD5176AAA99005E9847 /* QuartzCore.framework in Frameworks */,
				D4AA4CF31766B374009B0635 /* UIKit.framework in Frameworks */,
				D4AA4CF51766B374009B0635 /* Foundation.framework in Frameworks */,
				D4AA4CF71766B374009B0635 /* CoreGraphics.framework in Frameworks */,
				255A9AF4A1C64F71B97704C8 /* libPods.a in Frameworks */,
			);
			runOnlyForDeploymentPostprocessing = 0;
		};
		D4AA4D0B1766B374009B0635 /* Frameworks */ = {
			isa = PBXFrameworksBuildPhase;
			buildActionMask = 2147483647;
			files = (
				D4AA4D111766B374009B0635 /* SenTestingKit.framework in Frameworks */,
				D4AA4D121766B374009B0635 /* UIKit.framework in Frameworks */,
				D4AA4D131766B374009B0635 /* Foundation.framework in Frameworks */,
			);
			runOnlyForDeploymentPostprocessing = 0;
		};
/* End PBXFrameworksBuildPhase section */

/* Begin PBXGroup section */
		D428A45C1781097600101F12 /* Today */ = {
			isa = PBXGroup;
			children = (
				D4B67077176F57E000A80BA3 /* ECTodayViewController.h */,
				D4B67078176F57E000A80BA3 /* ECTodayViewController.m */,
				D4B67079176F57E000A80BA3 /* ECTodayViewController.xib */,
			);
			name = Today;
			sourceTree = "<group>";
		};
		D45DBD621783EDF4000ED3C1 /* App Icons */ = {
			isa = PBXGroup;
			children = (
				D4ABD2E4177E1E6E00DC691F /* Icon-Small.png */,
				D45DBD5E1783C5C5000ED3C1 /* Icon-Small@2x.png */,
				D45DBD601783C5DF000ED3C1 /* Icon.png */,
				D45DBD5C1783C57D000ED3C1 /* Icon@2x.png */,
			);
			name = "App Icons";
			sourceTree = "<group>";
		};
		D45DBD631783EDFB000ED3C1 /* Login Screens */ = {
			isa = PBXGroup;
			children = (
				D4AB1B0F17829412002A29B9 /* login1.png */,
				D4AB1B1017829412002A29B9 /* login1@2x.png */,
				D4AB1B1117829412002A29B9 /* login2.png */,
				D4AB1B1217829412002A29B9 /* login2@2x.png */,
				D4AB1B1317829412002A29B9 /* login3.png */,
				D4AB1B1417829413002A29B9 /* login3@2x.png */,
			);
			name = "Login Screens";
			sourceTree = "<group>";
		};
		D45DBD641783EE14000ED3C1 /* Buttons */ = {
			isa = PBXGroup;
			children = (
				D4A99ED81784EEC400F4FB46 /* feedback.png */,
				D4A99ED91784EEC400F4FB46 /* feedback@2x.png */,
				A004FD901784A4A10003C564 /* imgoing.png */,
				A004FD911784A4A10003C564 /* imgoing@2x.png */,
				A0A2B0BD177B381F00518B6C /* profileButton@2x.png */,
				A0A2B0BB177B324F00518B6C /* profileButton.png */,
				D4AB1B0B17827050002A29B9 /* flag.png */,
				D4AB1B0C17827050002A29B9 /* flag@2x.png */,
				D428A45D17811F4A00101F12 /* removebutton.png */,
				D428A45E17811F4A00101F12 /* removebutton@2x.png */,
				A00402CA177F704B00B998CF /* postButton.png */,
				A00402CB177F704B00B998CF /* postButton@2x.png */,
				A00402C6177F701500B998CF /* IWasThereButton.png */,
				A00402C7177F701500B998CF /* IWasThereButton@2x.png */,
				A00402C2177F6B0900B998CF /* backButton.png */,
				D4AA632D1780BBB1008111C6 /* logout.png */,
				D4AA632E1780BBB1008111C6 /* logout@2x.png */,
				A00402C3177F6B0900B998CF /* backButton@2x.png */,
				A00402BE177F65F600B998CF /* loginButton.png */,
				A00402BF177F65F600B998CF /* loginButton@2x.png */,
				A0A2B0D3177E1E7100518B6C /* shareButton.png */,
				A0A2B0D4177E1E7100518B6C /* shareButton@2x.png */,
			);
			name = Buttons;
			sourceTree = "<group>";
		};
		D45DBD651783EE2A000ED3C1 /* Icons */ = {
			isa = PBXGroup;
			children = (
				A022AAB61778D8D60009244C /* LiveIndicator.png */,
				A022AAC0177A35B30009244C /* locationmarker.png */,
				D4A99ED417849E9500F4FB46 /* imgoing.png */,
				D4A99ED517849E9500F4FB46 /* imgoing@2x.png */,
				A022AAC1177A35B30009244C /* locationmarker@2x.png */,
				A022AAC2177A35B30009244C /* locationmarkergrey.png */,
				A022AAC3177A35B30009244C /* locationmarkergrey@2x.png */,
				A022AACE177A39B00009244C /* magnifyglass.png */,
				A022AACC177A38C90009244C /* magnifyglass@2x.png */,
				D4AA9773177C9562008F4E31 /* 37x-Checkmark.png */,
				D4AA9774177C9562008F4E31 /* 37x-Checkmark@2x.png */,
				D4ABD2DE177E10D100DC691F /* liveNow.gif */,
				A00402D4177F9E9700B998CF /* imgStubs.png */,
				A00402D5177F9E9700B998CF /* imgStubs@2x.png */,
				A00402D0177F9E7600B998CF /* blueLocationMarker.png */,
				A00402D1177F9E7600B998CF /* blueLocationMarker@2x.png */,
			);
			name = Icons;
			sourceTree = "<group>";
		};
		D45DBD661783EE3F000ED3C1 /* Launch */ = {
			isa = PBXGroup;
			children = (
				D4ABD2DC177DF09E00DC691F /* Default-568h@2x.png */,
				D4ABD2DA177DF09B00DC691F /* Default@2x.png */,
				D4ABD2D8177DF09900DC691F /* Default.png */,
			);
			name = Launch;
			sourceTree = "<group>";
		};
		D4A22254176B7FFC005AB205 /* Horizontal Select */ = {
			isa = PBXGroup;
			children = (
				D4A22251176B7FC1005AB205 /* KLHorizontalSelect.h */,
				D4A22252176B7FC1005AB205 /* KLHorizontalSelect.m */,
				D43ACD7D176D2BA400E2282A /* ECCellType.h */,
				D43ACD7E176D2EA700E2282A /* ECCellType.m */,
				D4D4D7061783534A00DDDE4D /* ECTodayCellView.xib */,
				D4A4D814176CC9A900EFCBF7 /* ECHorizontalCellView.h */,
				D4A4D815176CC9AA00EFCBF7 /* ECHorizontalCellView.m */,
				D4A4D812176CC81600EFCBF7 /* ECHorizontalCellView.xib */,
				D43ACD80176D3B7F00E2282A /* ECEndCellView.xib */,
				D43ACD82176D3BF400E2282A /* ECEndCellView.h */,
				D43ACD83176D3BF400E2282A /* ECEndCellView.m */,
			);
			name = "Horizontal Select";
			sourceTree = "<group>";
		};
		D4A8DDB2176A133B005E9847 /* en.lproj */ = {
			isa = PBXGroup;
			children = (
				D4A8DDB3176A133B005E9847 /* InfoPlist.strings */,
			);
			name = en.lproj;
			path = Encore/en.lproj;
			sourceTree = "<group>";
		};
		D4A8DDBF176A134B005E9847 /* Concert */ = {
			isa = PBXGroup;
			children = (
				D4A8DDAE176A133B005E9847 /* ECConcertDetailViewController.h */,
				D4A8DDAD176A133B005E9847 /* ECConcertDetailViewController.m */,
				D4A8DDB1176A133B005E9847 /* ECConcertDetailViewController.xib */,
				D4AA9777177CF82A008F4E31 /* ECPostCollectionHeaderView.h */,
				D4AA9778177CF82A008F4E31 /* ECPostCollectionHeaderView.m */,
				D4AA977A177CFE2C008F4E31 /* ECPostCollectionHeaderView.xib */,
				D4B0AC4617727FDA00DC4DD2 /* ECPostPlaceholder.xib */,
				D4A8DDB5176A133B005E9847 /* ECCollectionCell.xib */,
				D4A8DDB6176A133B005E9847 /* CustomCellBackground.h */,
				D4A8DDB7176A133B005E9847 /* CustomCellBackground.m */,
				D4A8DDAF176A133B005E9847 /* Cell.m */,
				D4A8DDB0176A133B005E9847 /* Cell.h */,
				D4ABD2E8177E2C8800DC691F /* ECPictureViewController.h */,
				D4ABD2E9177E2C8900DC691F /* ECPictureViewController.m */,
				D4ABD2EA177E2C8900DC691F /* ECPictureViewController.xib */,
				D4A8DDD0176A4272005E9847 /* Post detail */,
				A00A7F471784BD2A00839EFD /* ECFutureConcertViewController.h */,
				A00A7F481784BD2A00839EFD /* ECFutureConcertViewController.m */,
				A00A7F491784BD2A00839EFD /* ECFutureConcertViewController.xib */,
			);
			name = Concert;
			sourceTree = "<group>";
		};
		D4A8DDD0176A4272005E9847 /* Post detail */ = {
			isa = PBXGroup;
			children = (
				D4A8DDCB176A405D005E9847 /* ECPostViewController.h */,
				D4A8DDCC176A405D005E9847 /* ECPostViewController.m */,
				D4A8DDCD176A405D005E9847 /* ECPostViewController.xib */,
			);
			name = "Post detail";
			sourceTree = "<group>";
		};
		D4A8DDD1176A44A0005E9847 /* Images */ = {
			isa = PBXGroup;
			children = (
				D45DBD631783EDFB000ED3C1 /* Login Screens */,
				D45DBD641783EE14000ED3C1 /* Buttons */,
				D45DBD651783EE2A000ED3C1 /* Icons */,
				D45DBD621783EDF4000ED3C1 /* App Icons */,
				D45DBD661783EE3F000ED3C1 /* Launch */,
				A0A2B0CB177CE82700518B6C /* songkick.png */,
				A0A2B0CC177CE82700518B6C /* songkick@2x.png */,
				A022AAB81778E8240009244C /* sampleArtistImage.jpg */,
				A022AAAD1777C44A0009244C /* navbar.png */,
				A022AAAE1777C44A0009244C /* navbar@2x.png */,
				D4C9C084177A090800F864FC /* instagram.jpg */,
				D4A8DDD8176AB645005E9847 /* KLSelect */,
				D4A8DDD2176A8885005E9847 /* placeholder.jpg */,
				D4AA4D041766B374009B0635 /* Default.png */,
				D4AA4D061766B374009B0635 /* Default@2x.png */,
				D4AA4D081766B374009B0635 /* Default-568h@2x.png */,
			);
			name = Images;
			sourceTree = "<group>";
		};
		D4A8DDD8176AB645005E9847 /* KLSelect */ = {
			isa = PBXGroup;
			children = (
				D4A8DDD9176AB650005E9847 /* gray_gradient_background.png */,
				D4A8DDDA176AB650005E9847 /* gray_gradient_background@2x.png */,
				D4A8DDDB176AB650005E9847 /* home_background.jpg */,
				D4A8DDDC176AB650005E9847 /* home_background@2x.jpg */,
			);
			name = KLSelect;
			sourceTree = "<group>";
		};
		D4AA4CE61766B373009B0635 = {
			isa = PBXGroup;
			children = (
				D4AA4CF81766B374009B0635 /* Encore */,
				D4A8DDB2176A133B005E9847 /* en.lproj */,
				D4AA4D161766B374009B0635 /* EncoreTests */,
				D4AA4CF11766B374009B0635 /* Frameworks */,
				D4AA4CF01766B374009B0635 /* Products */,
				B56B831D22E04C90BC664348 /* Pods.xcconfig */,
			);
			sourceTree = "<group>";
		};
		D4AA4CF01766B374009B0635 /* Products */ = {
			isa = PBXGroup;
			children = (
				D4AA4CEF1766B374009B0635 /* Encore.app */,
				D4AA4D0F1766B374009B0635 /* EncoreTests.octest */,
			);
			name = Products;
			sourceTree = "<group>";
		};
		D4AA4CF11766B374009B0635 /* Frameworks */ = {
			isa = PBXGroup;
			children = (
				A04C4332176F85F9003B4299 /* CoreLocation.framework */,
				D4A8DDD4176AAA98005E9847 /* QuartzCore.framework */,
				D4AA4CF21766B374009B0635 /* UIKit.framework */,
				D4AA4CF41766B374009B0635 /* Foundation.framework */,
				D4AA4CF61766B374009B0635 /* CoreGraphics.framework */,
				D4AA4D101766B374009B0635 /* SenTestingKit.framework */,
				918A85E0EEDE48F3BEFD223A /* libPods.a */,
			);
			name = Frameworks;
			sourceTree = "<group>";
		};
		D4AA4CF81766B374009B0635 /* Encore */ = {
			isa = PBXGroup;
			children = (
				D4AA4D011766B374009B0635 /* ECAppDelegate.h */,
				D4AA4D021766B374009B0635 /* ECAppDelegate.m */,
				D4AA4D321766BA8F009B0635 /* Login */,
				D4AA632C1780BAFB008111C6 /* Main View */,
				D4AA4D2C1766B9B0009B0635 /* Profile */,
				D4A22254176B7FFC005AB205 /* Horizontal Select */,
				D4B1A249176E4C6F00A95568 /* Add Concert */,
				D4A8DDBF176A134B005E9847 /* Concert */,
				D4AA4CF91766B374009B0635 /* Supporting Files */,
			);
			path = Encore;
			sourceTree = "<group>";
		};
		D4AA4CF91766B374009B0635 /* Supporting Files */ = {
			isa = PBXGroup;
			children = (
				D4C9C08A177A51BB00F864FC /* Font */,
				D4A8DDD1176A44A0005E9847 /* Images */,
				D4C9C08D177A51E500F864FC /* plist */,
				D4C9C08C177A51CC00F864FC /* Post+Fetch */,
				D4C9C08B177A51C600F864FC /* Categories */,
				D4AA4D381766F3D0009B0635 /* Localizable.strings */,
				D4AA4CFB1766B374009B0635 /* InfoPlist.strings */,
				D4AA4CFE1766B374009B0635 /* main.m */,
				D4AA4D001766B374009B0635 /* Encore-Prefix.pch */,
				D4A7BEAA177B731F00C22D91 /* Staging.h */,
				D4A7BEA9177B713400C22D91 /* EncoreURL.h */,
				D4A7BEAB177BFF3700C22D91 /* ECSearchType.h */,
			);
			name = "Supporting Files";
			sourceTree = "<group>";
		};
		D4AA4D161766B374009B0635 /* EncoreTests */ = {
			isa = PBXGroup;
			children = (
				D4AA4D1C1766B374009B0635 /* EncoreTests.h */,
				D4AA4D1D1766B374009B0635 /* EncoreTests.m */,
				D4AA4D171766B374009B0635 /* Supporting Files */,
			);
			path = EncoreTests;
			sourceTree = "<group>";
		};
		D4AA4D171766B374009B0635 /* Supporting Files */ = {
			isa = PBXGroup;
			children = (
				D4AA4D181766B374009B0635 /* EncoreTests-Info.plist */,
				D4AA4D191766B374009B0635 /* InfoPlist.strings */,
			);
			name = "Supporting Files";
			sourceTree = "<group>";
		};
		D4AA4D2C1766B9B0009B0635 /* Profile */ = {
			isa = PBXGroup;
			children = (
				A0A2B0D7177E333900518B6C /* ECProfileViewController.h */,
				A0A2B0D8177E333900518B6C /* ECProfileViewController.m */,
				A0A2B0D9177E333900518B6C /* ECProfileViewController.xib */,
				A00402BB177F4F7300B998CF /* ECProfileHeader.h */,
				A00402BC177F4F7300B998CF /* ECProfileHeader.m */,
				A0A2B0DC177E3B5A00518B6C /* ECProfileHeader.xib */,
				D4A99EDC178524F600F4FB46 /* ECFeedbackViewController.h */,
				D4A99EDD178524F600F4FB46 /* ECFeedbackViewController.m */,
				D4A99EDE178524F600F4FB46 /* ECFeedbackViewController.xib */,
			);
			name = Profile;
			sourceTree = "<group>";
		};
		D4AA4D321766BA8F009B0635 /* Login */ = {
			isa = PBXGroup;
			children = (
				D4AA4D2D1766BA8C009B0635 /* ECLoginViewController.h */,
				D4AA4D2E1766BA8C009B0635 /* ECLoginViewController.m */,
				D4AA4D2F1766BA8C009B0635 /* ECLoginViewController.xib */,
				A0848C0F176D25D5009BBB38 /* ECLoginPageView.h */,
				A0848C10176D25D5009BBB38 /* ECLoginPageView.m */,
				A0848C0A176D1F0D009BBB38 /* ECLoginPageView.xib */,
			);
			name = Login;
			sourceTree = "<group>";
		};
		D4AA632C1780BAFB008111C6 /* Main View */ = {
			isa = PBXGroup;
			children = (
				D4A2F6CC176959BD00A9E3BF /* ECMainViewController.xib */,
				D4AA4D331766BB03009B0635 /* ECMainViewController.h */,
				D4AA4D341766BB03009B0635 /* ECMainViewController.m */,
				D428A45C1781097600101F12 /* Today */,
				A022AAA417779BB50009244C /* ECConcertCellView.h */,
				A022AAA517779BB50009244C /* ECConcertCellView.m */,
				A022AAA717779BDF0009244C /* ECConcertCellView.xib */,
			);
			name = "Main View";
			sourceTree = "<group>";
		};
		D4B1A249176E4C6F00A95568 /* Add Concert */ = {
			isa = PBXGroup;
			children = (
				D4B1A244176E4C6800A95568 /* ECAddConcertViewController.h */,
				D4B1A245176E4C6900A95568 /* ECAddConcertViewController.m */,
				D4B1A246176E4C6900A95568 /* ECAddConcertViewController.xib */,
				A022AAB31777DB240009244C /* ECCustomSearchBar.h */,
				A022AAB41777DB240009244C /* ECCustomSearchBar.m */,
			);
			name = "Add Concert";
			sourceTree = "<group>";
		};
		D4C9C08A177A51BB00F864FC /* Font */ = {
			isa = PBXGroup;
			children = (
				D4AB1B08178213FF002A29B9 /* UIFont+Encore.h */,
				D4AB1B09178213FF002A29B9 /* UIFont+Encore.m */,
				A022AAA0177605900009244C /* Hero Light.otf */,
				A022AAA1177605900009244C /* Hero.otf */,
			);
			name = Font;
			sourceTree = "<group>";
		};
		D4C9C08B177A51C600F864FC /* Categories */ = {
			isa = PBXGroup;
			children = (
				D428A4591781085500101F12 /* UIColor+EncoreUI.h */,
				D428A45A1781085500101F12 /* UIColor+EncoreUI.m */,
				D4A7BEA6177B2F3B00C22D91 /* UIImage+Orientation.h */,
				D4A7BEA7177B2F3B00C22D91 /* UIImage+Orientation.m */,
				D4A8DDC8176A39B9005E9847 /* NSDate+JSON.h */,
				D4A8DDC9176A39B9005E9847 /* NSDate+JSON.m */,
				D4A8DDAB176A133B005E9847 /* NSDictionary+Posts.h */,
				D4A8DDAC176A133B005E9847 /* NSDictionary+Posts.m */,
				D4AC35F71768C5850087B1E9 /* NSDictionary+ConcertList.h */,
				D4AC35F81768C5850087B1E9 /* NSDictionary+ConcertList.m */,
				A0A2B0C4177B867F00518B6C /* NSMutableDictionary+ConcertImages.h */,
				A0A2B0C5177B867F00518B6C /* NSMutableDictionary+ConcertImages.m */,
				A022AABD1779E8380009244C /* UIImage+GaussBlur.h */,
				A022AABE1779E8380009244C /* UIImage+GaussBlur.m */,
			);
			name = Categories;
			sourceTree = "<group>";
		};
		D4C9C08C177A51CC00F864FC /* Post+Fetch */ = {
			isa = PBXGroup;
			children = (
				D4AC35FA1768C8B20087B1E9 /* ECJSONFetcher.h */,
				D4AC35FB1768C8B20087B1E9 /* ECJSONFetcher.m */,
				D4A8DDC2176A20D2005E9847 /* ECJSONPoster.h */,
				D4A8DDC3176A20D2005E9847 /* ECJSONPoster.m */,
			);
			name = "Post+Fetch";
			sourceTree = "<group>";
		};
		D4C9C08D177A51E500F864FC /* plist */ = {
			isa = PBXGroup;
			children = (
				D4AA4CFA1766B374009B0635 /* Encore-Info.plist */,
				A0FF1C52176CC88000433768 /* LoginInfoPages.plist */,
			);
			name = plist;
			sourceTree = "<group>";
		};
/* End PBXGroup section */

/* Begin PBXNativeTarget section */
		D4AA4CEE1766B374009B0635 /* Encore */ = {
			isa = PBXNativeTarget;
			buildConfigurationList = D4AA4D211766B374009B0635 /* Build configuration list for PBXNativeTarget "Encore" */;
			buildPhases = (
				7F48833E90A8476FABBA2047 /* Check Pods Manifest.lock */,
				D4AA4CEB1766B374009B0635 /* Sources */,
				D4AA4CEC1766B374009B0635 /* Frameworks */,
				D4AA4CED1766B374009B0635 /* Resources */,
				6ED2426A9A5940A7960A5FC6 /* Copy Pods Resources */,
			);
			buildRules = (
			);
			dependencies = (
			);
			name = Encore;
			productName = Encore;
			productReference = D4AA4CEF1766B374009B0635 /* Encore.app */;
			productType = "com.apple.product-type.application";
		};
		D4AA4D0E1766B374009B0635 /* EncoreTests */ = {
			isa = PBXNativeTarget;
			buildConfigurationList = D4AA4D241766B374009B0635 /* Build configuration list for PBXNativeTarget "EncoreTests" */;
			buildPhases = (
				D4AA4D0A1766B374009B0635 /* Sources */,
				D4AA4D0B1766B374009B0635 /* Frameworks */,
				D4AA4D0C1766B374009B0635 /* Resources */,
				D4AA4D0D1766B374009B0635 /* ShellScript */,
			);
			buildRules = (
			);
			dependencies = (
				D4AA4D151766B374009B0635 /* PBXTargetDependency */,
			);
			name = EncoreTests;
			productName = EncoreTests;
			productReference = D4AA4D0F1766B374009B0635 /* EncoreTests.octest */;
			productType = "com.apple.product-type.bundle";
		};
/* End PBXNativeTarget section */

/* Begin PBXProject section */
		D4AA4CE71766B373009B0635 /* Project object */ = {
			isa = PBXProject;
			attributes = {
				CLASSPREFIX = EC;
				LastUpgradeCheck = 0460;
				ORGANIZATIONNAME = Encore;
			};
			buildConfigurationList = D4AA4CEA1766B373009B0635 /* Build configuration list for PBXProject "Encore" */;
			compatibilityVersion = "Xcode 3.2";
			developmentRegion = English;
			hasScannedForEncodings = 0;
			knownRegions = (
				en,
			);
			mainGroup = D4AA4CE61766B373009B0635;
			productRefGroup = D4AA4CF01766B374009B0635 /* Products */;
			projectDirPath = "";
			projectRoot = "";
			targets = (
				D4AA4CEE1766B374009B0635 /* Encore */,
				D4AA4D0E1766B374009B0635 /* EncoreTests */,
			);
		};
/* End PBXProject section */

/* Begin PBXResourcesBuildPhase section */
		D4AA4CED1766B374009B0635 /* Resources */ = {
			isa = PBXResourcesBuildPhase;
			buildActionMask = 2147483647;
			files = (
				D4AA4CFD1766B374009B0635 /* InfoPlist.strings in Resources */,
				D4AA4D311766BA8C009B0635 /* ECLoginViewController.xib in Resources */,
				D4AA4D391766F3D0009B0635 /* Localizable.strings in Resources */,
				D4A2F6CD176959BD00A9E3BF /* ECMainViewController.xib in Resources */,
				D4A8DDBB176A133B005E9847 /* ECConcertDetailViewController.xib in Resources */,
				D4A8DDBC176A133B005E9847 /* InfoPlist.strings in Resources */,
				D4A8DDBD176A133B005E9847 /* ECCollectionCell.xib in Resources */,
				D4A8DDCF176A405D005E9847 /* ECPostViewController.xib in Resources */,
				D4A8DDD3176A8885005E9847 /* placeholder.jpg in Resources */,
				D4A8DDED176AB650005E9847 /* gray_gradient_background.png in Resources */,
				D4A8DDEE176AB650005E9847 /* gray_gradient_background@2x.png in Resources */,
				D4A8DDEF176AB650005E9847 /* home_background.jpg in Resources */,
				D4A8DDF0176AB650005E9847 /* home_background@2x.jpg in Resources */,
				A0FF1C53176CC88000433768 /* LoginInfoPages.plist in Resources */,
				D4A4D813176CC81600EFCBF7 /* ECHorizontalCellView.xib in Resources */,
				A0848C0B176D1F0D009BBB38 /* ECLoginPageView.xib in Resources */,
				D43ACD81176D3B7F00E2282A /* ECEndCellView.xib in Resources */,
				D4B1A248176E4C6900A95568 /* ECAddConcertViewController.xib in Resources */,
				D4B6707B176F57E000A80BA3 /* ECTodayViewController.xib in Resources */,
				D4B0AC4717727FDA00DC4DD2 /* ECPostPlaceholder.xib in Resources */,
				A022AAA2177605900009244C /* Hero Light.otf in Resources */,
				A022AAA3177605900009244C /* Hero.otf in Resources */,
				A022AAA817779BDF0009244C /* ECConcertCellView.xib in Resources */,
				A022AAAF1777C44A0009244C /* navbar.png in Resources */,
				A022AAB01777C44A0009244C /* navbar@2x.png in Resources */,
				A022AAB71778D8D60009244C /* LiveIndicator.png in Resources */,
				A022AAB91778E8240009244C /* sampleArtistImage.jpg in Resources */,
				A022AAC6177A35B30009244C /* locationmarker.png in Resources */,
				A022AAC7177A35B30009244C /* locationmarker@2x.png in Resources */,
				A022AAC8177A35B30009244C /* locationmarkergrey.png in Resources */,
				A022AAC9177A35B30009244C /* locationmarkergrey@2x.png in Resources */,
				A022AACD177A38C90009244C /* magnifyglass@2x.png in Resources */,
				A022AACF177A39B00009244C /* magnifyglass.png in Resources */,
				D4C9C085177A090800F864FC /* instagram.jpg in Resources */,
				A0A2B0BC177B324F00518B6C /* profileButton.png in Resources */,
				A0A2B0BE177B381F00518B6C /* profileButton@2x.png in Resources */,
				D4AA9775177C9562008F4E31 /* 37x-Checkmark.png in Resources */,
				D4AA9776177C9562008F4E31 /* 37x-Checkmark@2x.png in Resources */,
				A0A2B0CD177CE82700518B6C /* songkick.png in Resources */,
				A0A2B0CE177CE82700518B6C /* songkick@2x.png in Resources */,
				D4AA977B177CFE2C008F4E31 /* ECPostCollectionHeaderView.xib in Resources */,
				D4ABD2D9177DF09900DC691F /* Default.png in Resources */,
				D4ABD2DB177DF09B00DC691F /* Default@2x.png in Resources */,
				D4ABD2DD177DF09E00DC691F /* Default-568h@2x.png in Resources */,
				D4ABD2DF177E10D100DC691F /* liveNow.gif in Resources */,
				A0A2B0D5177E1E7200518B6C /* shareButton.png in Resources */,
				A0A2B0D6177E1E7200518B6C /* shareButton@2x.png in Resources */,
				D4ABD2E6177E1E6E00DC691F /* Icon-Small.png in Resources */,
				D4ABD2EC177E2C8900DC691F /* ECPictureViewController.xib in Resources */,
				A0A2B0DB177E333900518B6C /* ECProfileViewController.xib in Resources */,
				A0A2B0DD177E3B5A00518B6C /* ECProfileHeader.xib in Resources */,
				A00402C0177F65F600B998CF /* loginButton.png in Resources */,
				A00402C1177F65F600B998CF /* loginButton@2x.png in Resources */,
				A00402C4177F6B0900B998CF /* backButton.png in Resources */,
				A00402C5177F6B0900B998CF /* backButton@2x.png in Resources */,
				A00402C8177F701500B998CF /* IWasThereButton.png in Resources */,
				A00402C9177F701500B998CF /* IWasThereButton@2x.png in Resources */,
				A00402CC177F704B00B998CF /* postButton.png in Resources */,
				A00402CD177F704B00B998CF /* postButton@2x.png in Resources */,
				A00402D2177F9E7700B998CF /* blueLocationMarker.png in Resources */,
				A00402D3177F9E7700B998CF /* blueLocationMarker@2x.png in Resources */,
				A00402D6177F9E9700B998CF /* imgStubs.png in Resources */,
				A00402D7177F9E9700B998CF /* imgStubs@2x.png in Resources */,
				D4AA632F1780BBB1008111C6 /* logout.png in Resources */,
				D4AA63301780BBB1008111C6 /* logout@2x.png in Resources */,
				D428A45F17811F4A00101F12 /* removebutton.png in Resources */,
				D428A46017811F4A00101F12 /* removebutton@2x.png in Resources */,
				D4AB1B0D17827050002A29B9 /* flag.png in Resources */,
				D4AB1B0E17827050002A29B9 /* flag@2x.png in Resources */,
				D4AB1B1517829413002A29B9 /* login1.png in Resources */,
				D4AB1B1617829413002A29B9 /* login1@2x.png in Resources */,
				D4AB1B1717829413002A29B9 /* login2.png in Resources */,
				D4AB1B1817829413002A29B9 /* login2@2x.png in Resources */,
				D4AB1B1917829413002A29B9 /* login3.png in Resources */,
				D4AB1B1A17829413002A29B9 /* login3@2x.png in Resources */,
				D4D4D7071783534A00DDDE4D /* ECTodayCellView.xib in Resources */,
				D45DBD5D1783C57D000ED3C1 /* Icon@2x.png in Resources */,
				D45DBD5F1783C5C5000ED3C1 /* Icon-Small@2x.png in Resources */,
				D45DBD611783C5DF000ED3C1 /* Icon.png in Resources */,
				D4A99ED617849E9500F4FB46 /* imgoing.png in Resources */,
				D4A99ED717849E9500F4FB46 /* imgoing@2x.png in Resources */,
				D4A99EDA1784EEC400F4FB46 /* feedback.png in Resources */,
				D4A99EDB1784EEC400F4FB46 /* feedback@2x.png in Resources */,
				D4A99EE0178524F600F4FB46 /* ECFeedbackViewController.xib in Resources */,
				A00A7F4B1784BD2A00839EFD /* ECFutureConcertViewController.xib in Resources */,
			);
			runOnlyForDeploymentPostprocessing = 0;
		};
		D4AA4D0C1766B374009B0635 /* Resources */ = {
			isa = PBXResourcesBuildPhase;
			buildActionMask = 2147483647;
			files = (
				D4AA4D1B1766B374009B0635 /* InfoPlist.strings in Resources */,
			);
			runOnlyForDeploymentPostprocessing = 0;
		};
/* End PBXResourcesBuildPhase section */

/* Begin PBXShellScriptBuildPhase section */
		6ED2426A9A5940A7960A5FC6 /* Copy Pods Resources */ = {
			isa = PBXShellScriptBuildPhase;
			buildActionMask = 2147483647;
			files = (
			);
			inputPaths = (
			);
			name = "Copy Pods Resources";
			outputPaths = (
			);
			runOnlyForDeploymentPostprocessing = 0;
			shellPath = /bin/sh;
			shellScript = "\"${SRCROOT}/Pods/Pods-resources.sh\"\n";
		};
		7F48833E90A8476FABBA2047 /* Check Pods Manifest.lock */ = {
			isa = PBXShellScriptBuildPhase;
			buildActionMask = 2147483647;
			files = (
			);
			inputPaths = (
			);
			name = "Check Pods Manifest.lock";
			outputPaths = (
			);
			runOnlyForDeploymentPostprocessing = 0;
			shellPath = /bin/sh;
			shellScript = "diff \"${PODS_ROOT}/../Podfile.lock\" \"${PODS_ROOT}/Manifest.lock\" > /dev/null\nif [[ $? != 0 ]] ; then\n    cat << EOM\nerror: The sandbox is not in sync with the Podfile.lock. Run 'pod install' or update your CocoaPods installation.\nEOM\n    exit 1\nfi\n";
		};
		D4AA4D0D1766B374009B0635 /* ShellScript */ = {
			isa = PBXShellScriptBuildPhase;
			buildActionMask = 2147483647;
			files = (
			);
			inputPaths = (
			);
			outputPaths = (
			);
			runOnlyForDeploymentPostprocessing = 0;
			shellPath = /bin/sh;
			shellScript = "# Run the unit tests in this test bundle.\n\"${SYSTEM_DEVELOPER_DIR}/Tools/RunUnitTests\"\n";
		};
/* End PBXShellScriptBuildPhase section */

/* Begin PBXSourcesBuildPhase section */
		D4AA4CEB1766B374009B0635 /* Sources */ = {
			isa = PBXSourcesBuildPhase;
			buildActionMask = 2147483647;
			files = (
				D4AA4CFF1766B374009B0635 /* main.m in Sources */,
				D4AC35F91768C5850087B1E9 /* NSDictionary+ConcertList.m in Sources */,
				D4AA4D031766B374009B0635 /* ECAppDelegate.m in Sources */,
				D4AC35FC1768C8B20087B1E9 /* ECJSONFetcher.m in Sources */,
				D4AA4D301766BA8C009B0635 /* ECLoginViewController.m in Sources */,
				D4AA4D361766BB03009B0635 /* ECMainViewController.m in Sources */,
				D4A8DDB8176A133B005E9847 /* NSDictionary+Posts.m in Sources */,
				D4A8DDB9176A133B005E9847 /* ECConcertDetailViewController.m in Sources */,
				D4A8DDBA176A133B005E9847 /* Cell.m in Sources */,
				D4A8DDBE176A133B005E9847 /* CustomCellBackground.m in Sources */,
				D4A8DDC4176A20D2005E9847 /* ECJSONPoster.m in Sources */,
				D4A8DDCA176A39BA005E9847 /* NSDate+JSON.m in Sources */,
				D4A8DDCE176A405D005E9847 /* ECPostViewController.m in Sources */,
				D4A22253176B7FC1005AB205 /* KLHorizontalSelect.m in Sources */,
				D4A4D816176CC9AA00EFCBF7 /* ECHorizontalCellView.m in Sources */,
				A0848C11176D25D5009BBB38 /* ECLoginPageView.m in Sources */,
				D43ACD7F176D2EA700E2282A /* ECCellType.m in Sources */,
				D43ACD84176D3BF400E2282A /* ECEndCellView.m in Sources */,
				D4B1A247176E4C6900A95568 /* ECAddConcertViewController.m in Sources */,
				D4B6707A176F57E000A80BA3 /* ECTodayViewController.m in Sources */,
				A022AAA617779BB50009244C /* ECConcertCellView.m in Sources */,
				A022AAB51777DB250009244C /* ECCustomSearchBar.m in Sources */,
				A022AABF1779E8380009244C /* UIImage+GaussBlur.m in Sources */,
				D4A7BEA8177B2F3B00C22D91 /* UIImage+Orientation.m in Sources */,
				A0A2B0C6177B867F00518B6C /* NSMutableDictionary+ConcertImages.m in Sources */,
				D4AA9779177CF82A008F4E31 /* ECPostCollectionHeaderView.m in Sources */,
				D4ABD2EB177E2C8900DC691F /* ECPictureViewController.m in Sources */,
				A0A2B0DA177E333900518B6C /* ECProfileViewController.m in Sources */,
				A00402BD177F4F7300B998CF /* ECProfileHeader.m in Sources */,
				D428A45B1781085500101F12 /* UIColor+EncoreUI.m in Sources */,
				D4AB1B0A178213FF002A29B9 /* UIFont+Encore.m in Sources */,
				D4A99EDF178524F600F4FB46 /* ECFeedbackViewController.m in Sources */,
				A00A7F4A1784BD2A00839EFD /* ECFutureConcertViewController.m in Sources */,
			);
			runOnlyForDeploymentPostprocessing = 0;
		};
		D4AA4D0A1766B374009B0635 /* Sources */ = {
			isa = PBXSourcesBuildPhase;
			buildActionMask = 2147483647;
			files = (
				D4AA4D1E1766B374009B0635 /* EncoreTests.m in Sources */,
			);
			runOnlyForDeploymentPostprocessing = 0;
		};
/* End PBXSourcesBuildPhase section */

/* Begin PBXTargetDependency section */
		D4AA4D151766B374009B0635 /* PBXTargetDependency */ = {
			isa = PBXTargetDependency;
			target = D4AA4CEE1766B374009B0635 /* Encore */;
			targetProxy = D4AA4D141766B374009B0635 /* PBXContainerItemProxy */;
		};
/* End PBXTargetDependency section */

/* Begin PBXVariantGroup section */
		D4A8DDB3176A133B005E9847 /* InfoPlist.strings */ = {
			isa = PBXVariantGroup;
			children = (
				D4A8DDB4176A133B005E9847 /* en */,
			);
			name = InfoPlist.strings;
			sourceTree = "<group>";
		};
		D4AA4CFB1766B374009B0635 /* InfoPlist.strings */ = {
			isa = PBXVariantGroup;
			children = (
				D4AA4CFC1766B374009B0635 /* en */,
			);
			name = InfoPlist.strings;
			sourceTree = "<group>";
		};
		D4AA4D191766B374009B0635 /* InfoPlist.strings */ = {
			isa = PBXVariantGroup;
			children = (
				D4AA4D1A1766B374009B0635 /* en */,
			);
			name = InfoPlist.strings;
			sourceTree = "<group>";
		};
/* End PBXVariantGroup section */

/* Begin XCBuildConfiguration section */
		D4AA4D1F1766B374009B0635 /* Debug */ = {
			isa = XCBuildConfiguration;
			buildSettings = {
				ALWAYS_SEARCH_USER_PATHS = NO;
				CLANG_CXX_LANGUAGE_STANDARD = "gnu++0x";
				CLANG_CXX_LIBRARY = "libc++";
				CLANG_ENABLE_OBJC_ARC = YES;
				CLANG_WARN_CONSTANT_CONVERSION = YES;
				CLANG_WARN_EMPTY_BODY = YES;
				CLANG_WARN_ENUM_CONVERSION = YES;
				CLANG_WARN_INT_CONVERSION = YES;
				CLANG_WARN__DUPLICATE_METHOD_MATCH = YES;
				"CODE_SIGN_IDENTITY[sdk=iphoneos*]" = "iPhone Developer";
				COPY_PHASE_STRIP = NO;
				GCC_C_LANGUAGE_STANDARD = gnu99;
				GCC_DYNAMIC_NO_PIC = NO;
				GCC_OPTIMIZATION_LEVEL = 0;
				GCC_PREPROCESSOR_DEFINITIONS = (
					"DEBUG=1",
					"$(inherited)",
				);
				GCC_SYMBOLS_PRIVATE_EXTERN = NO;
				GCC_WARN_ABOUT_RETURN_TYPE = YES;
				GCC_WARN_UNINITIALIZED_AUTOS = YES;
				GCC_WARN_UNUSED_VARIABLE = YES;
				IPHONEOS_DEPLOYMENT_TARGET = 6.0;
				ONLY_ACTIVE_ARCH = YES;
				SDKROOT = iphoneos;
			};
			name = Debug;
		};
		D4AA4D201766B374009B0635 /* Release */ = {
			isa = XCBuildConfiguration;
			buildSettings = {
				ALWAYS_SEARCH_USER_PATHS = NO;
				CLANG_CXX_LANGUAGE_STANDARD = "gnu++0x";
				CLANG_CXX_LIBRARY = "libc++";
				CLANG_ENABLE_OBJC_ARC = YES;
				CLANG_WARN_CONSTANT_CONVERSION = YES;
				CLANG_WARN_EMPTY_BODY = YES;
				CLANG_WARN_ENUM_CONVERSION = YES;
				CLANG_WARN_INT_CONVERSION = YES;
				CLANG_WARN__DUPLICATE_METHOD_MATCH = YES;
				CODE_SIGN_IDENTITY = "iPhone Distribution";
				"CODE_SIGN_IDENTITY[sdk=iphoneos*]" = "iPhone Distribution";
				COPY_PHASE_STRIP = YES;
				GCC_C_LANGUAGE_STANDARD = gnu99;
				GCC_WARN_ABOUT_RETURN_TYPE = YES;
				GCC_WARN_UNINITIALIZED_AUTOS = YES;
				GCC_WARN_UNUSED_VARIABLE = YES;
				IPHONEOS_DEPLOYMENT_TARGET = 6.0;
				OTHER_CFLAGS = "-DNS_BLOCK_ASSERTIONS=1";
				PROVISIONING_PROFILE = "";
				"PROVISIONING_PROFILE[sdk=iphoneos*]" = "";
				SDKROOT = iphoneos;
				VALIDATE_PRODUCT = YES;
			};
			name = Release;
		};
		D4AA4D221766B374009B0635 /* Debug */ = {
			isa = XCBuildConfiguration;
			baseConfigurationReference = B56B831D22E04C90BC664348 /* Pods.xcconfig */;
			buildSettings = {
				GCC_PRECOMPILE_PREFIX_HEADER = YES;
				GCC_PREFIX_HEADER = "Encore/Encore-Prefix.pch";
				INFOPLIST_FILE = "Encore/Encore-Info.plist";
				IPHONEOS_DEPLOYMENT_TARGET = 6.0;
				LIBRARY_SEARCH_PATHS = "$(inherited)";
				PRODUCT_NAME = "$(TARGET_NAME)";
				WRAPPER_EXTENSION = app;
			};
			name = Debug;
		};
		D4AA4D231766B374009B0635 /* Release */ = {
			isa = XCBuildConfiguration;
			baseConfigurationReference = B56B831D22E04C90BC664348 /* Pods.xcconfig */;
			buildSettings = {
				CODE_SIGN_IDENTITY = "iPhone Distribution";
				"CODE_SIGN_IDENTITY[sdk=iphoneos*]" = "iPhone Distribution";
				GCC_PRECOMPILE_PREFIX_HEADER = YES;
				GCC_PREFIX_HEADER = "Encore/Encore-Prefix.pch";
				INFOPLIST_FILE = "Encore/Encore-Info.plist";
				IPHONEOS_DEPLOYMENT_TARGET = 6.0;
				LIBRARY_SEARCH_PATHS = "$(inherited)";
				PRODUCT_NAME = "$(TARGET_NAME)";
				PROVISIONING_PROFILE = "";
				"PROVISIONING_PROFILE[sdk=iphoneos*]" = "";
				WRAPPER_EXTENSION = app;
			};
			name = Release;
		};
		D4AA4D251766B374009B0635 /* Debug */ = {
			isa = XCBuildConfiguration;
			buildSettings = {
				BUNDLE_LOADER = "$(BUILT_PRODUCTS_DIR)/Encore.app/Encore";
				FRAMEWORK_SEARCH_PATHS = (
					"\"$(SDKROOT)/Developer/Library/Frameworks\"",
					"\"$(DEVELOPER_LIBRARY_DIR)/Frameworks\"",
				);
				GCC_PRECOMPILE_PREFIX_HEADER = YES;
				GCC_PREFIX_HEADER = "Encore/Encore-Prefix.pch";
				INFOPLIST_FILE = "EncoreTests/EncoreTests-Info.plist";
				PRODUCT_NAME = "$(TARGET_NAME)";
				TEST_HOST = "$(BUNDLE_LOADER)";
				WRAPPER_EXTENSION = octest;
			};
			name = Debug;
		};
		D4AA4D261766B374009B0635 /* Release */ = {
			isa = XCBuildConfiguration;
			buildSettings = {
				BUNDLE_LOADER = "$(BUILT_PRODUCTS_DIR)/Encore.app/Encore";
				FRAMEWORK_SEARCH_PATHS = (
					"\"$(SDKROOT)/Developer/Library/Frameworks\"",
					"\"$(DEVELOPER_LIBRARY_DIR)/Frameworks\"",
				);
				GCC_PRECOMPILE_PREFIX_HEADER = YES;
				GCC_PREFIX_HEADER = "Encore/Encore-Prefix.pch";
				INFOPLIST_FILE = "EncoreTests/EncoreTests-Info.plist";
				PRODUCT_NAME = "$(TARGET_NAME)";
				TEST_HOST = "$(BUNDLE_LOADER)";
				WRAPPER_EXTENSION = octest;
			};
			name = Release;
		};
/* End XCBuildConfiguration section */

/* Begin XCConfigurationList section */
		D4AA4CEA1766B373009B0635 /* Build configuration list for PBXProject "Encore" */ = {
			isa = XCConfigurationList;
			buildConfigurations = (
				D4AA4D1F1766B374009B0635 /* Debug */,
				D4AA4D201766B374009B0635 /* Release */,
			);
			defaultConfigurationIsVisible = 0;
			defaultConfigurationName = Release;
		};
		D4AA4D211766B374009B0635 /* Build configuration list for PBXNativeTarget "Encore" */ = {
			isa = XCConfigurationList;
			buildConfigurations = (
				D4AA4D221766B374009B0635 /* Debug */,
				D4AA4D231766B374009B0635 /* Release */,
			);
			defaultConfigurationIsVisible = 0;
			defaultConfigurationName = Release;
		};
		D4AA4D241766B374009B0635 /* Build configuration list for PBXNativeTarget "EncoreTests" */ = {
			isa = XCConfigurationList;
			buildConfigurations = (
				D4AA4D251766B374009B0635 /* Debug */,
				D4AA4D261766B374009B0635 /* Release */,
			);
			defaultConfigurationIsVisible = 0;
			defaultConfigurationName = Release;
		};
/* End XCConfigurationList section */
	};
	rootObject = D4AA4CE71766B373009B0635 /* Project object */;
}
